{"SurveyEntry":{"SurveyID":"SV_cTNaBFgAt0SLkhf","SurveyName":"POEM_v1.1s","SurveyDescription":null,"SurveyOwnerID":"UR_0Hd13vakW7AHtLT","SurveyBrandID":"upenn","DivisionID":"DV_0NAEavf81zonLAV","SurveyLanguage":"EN","SurveyActiveResponseSet":"RS_bCoeT4Qejeouzat","SurveyStatus":"Active","SurveyStartDate":"0000-00-00 00:00:00","SurveyExpirationDate":"0000-00-00 00:00:00","SurveyCreationDate":"2018-01-19 13:49:57","CreatorID":"UR_0Hd13vakW7AHtLT","LastModified":"2018-11-06 14:44:49","LastAccessed":"0000-00-00 00:00:00","LastActivated":"2018-01-19 13:53:03","Deleted":null},"SurveyElements":[{"SurveyID":"SV_cTNaBFgAt0SLkhf","Element":"BL","PrimaryAttribute":"Survey Blocks","SecondaryAttribute":null,"TertiaryAttribute":null,"Payload":{"0":{"Type":"Default","Description":"Top headache question","ID":"BL_8qr3gpo7KCHX9qd","BlockElements":[{"Type":"Question","QuestionID":"QID1"}],"Options":{"BlockLocking":"false","RandomizeQuestions":"false","BlockVisibility":"Expanded"}},"1":{"Type":"Trash","Description":"Trash \/ Unused Questions","ID":"BL_0ptosAwSKHPVcAB","BlockElements":[{"Type":"Question","QuestionID":"QID20"},{"Type":"Question","QuestionID":"QID62"},{"Type":"Question","QuestionID":"QID55"},{"Type":"Question","QuestionID":"QID54"},{"Type":"Question","QuestionID":"QID53"},{"Type":"Question","QuestionID":"QID45"},{"Type":"Question","QuestionID":"QID21"},{"Type":"Question","QuestionID":"QID12"},{"Type":"Question","QuestionID":"QID13"},{"Type":"Question","QuestionID":"QID14"},{"Type":"Question","QuestionID":"QID15"},{"Type":"Question","QuestionID":"QID16"},{"Type":"Question","QuestionID":"QID17"},{"Type":"Question","QuestionID":"QID18"},{"Type":"Question","QuestionID":"QID10"},{"Type":"Question","QuestionID":"QID2"},{"Type":"Question","QuestionID":"QID37"},{"Type":"Question","QuestionID":"QID11"},{"Type":"Question","QuestionID":"QID42"},{"Type":"Question","QuestionID":"QID58"},{"Type":"Question","QuestionID":"QID59"},{"Type":"Question","QuestionID":"QID36"},{"Type":"Question","QuestionID":"QID56"},{"Type":"Question","QuestionID":"QID66"},{"Type":"Question","QuestionID":"QID35"},{"Type":"Question","QuestionID":"QID61"}]},"3":{"Type":"Standard","SubType":"","Description":"Headache Question 2","ID":"BL_8nQ8EOpN4cJYthj","BlockElements":[{"Type":"Question","QuestionID":"QID3"}]},"4":{"Type":"Standard","SubType":"","Description":"Headache Duration","ID":"BL_0iyvv1QnTQwXRfT","BlockElements":[{"Type":"Question","QuestionID":"QID4"}]},"5":{"Type":"Standard","SubType":"","Description":"Pain\/Symptoms > 4 hours","ID":"BL_81umV3maHstd2Vn","BlockElements":[{"Type":"Question","QuestionID":"QID5"}]},"6":{"Type":"Standard","SubType":"","Description":"Sensitivity during headache > 4 hours","ID":"BL_0IAZFANZyvj7fOB","BlockElements":[{"Type":"Question","QuestionID":"QID6"}]},"7":{"Type":"Standard","SubType":"","Description":"Frequency in lifetime","ID":"BL_086rN490M32CIyp","BlockElements":[{"Type":"Question","QuestionID":"QID7"}]},"8":{"Type":"Standard","SubType":"","Description":"Aura question 1 - Visual","ID":"BL_9prMG1epInXkBhP","BlockElements":[{"Type":"Question","QuestionID":"QID8"}]},"9":{"Type":"Standard","SubType":"","Description":"Visual Aura","ID":"BL_297f7PeZ75F1xc1","BlockElements":[{"Type":"Question","QuestionID":"QID22"},{"Type":"Question","QuestionID":"QID9"},{"Type":"Question","QuestionID":"QID47"},{"Type":"Question","QuestionID":"QID19"}],"Options":{"BlockLocking":"false","RandomizeQuestions":"false","BlockVisibility":"Expanded"}},"13":{"Type":"Standard","SubType":"","Description":"Aura question 2 - Nonvisual","ID":"BL_8DrGQcun8XABtZz","BlockElements":[{"Type":"Question","QuestionID":"QID23"}]},"14":{"Type":"Standard","SubType":"","Description":"Nonvisual Aura","ID":"BL_esOVIDKmdgLfgUd","BlockElements":[{"Type":"Question","QuestionID":"QID24"},{"Type":"Question","QuestionID":"QID25"},{"Type":"Question","QuestionID":"QID48"},{"Type":"Question","QuestionID":"QID26"}],"Options":{"BlockLocking":"false","RandomizeQuestions":"false","BlockVisibility":"Expanded"}},"15":{"Type":"Standard","SubType":"","Description":"Choi Photophobia","ID":"BL_8pmctfRIzS6xv37","BlockElements":[{"Type":"Question","QuestionID":"QID27"},{"Type":"Question","QuestionID":"QID28"},{"Type":"Question","QuestionID":"QID29"},{"Type":"Question","QuestionID":"QID30"},{"Type":"Question","QuestionID":"QID31"},{"Type":"Question","QuestionID":"QID32"},{"Type":"Question","QuestionID":"QID33"},{"Type":"Question","QuestionID":"QID34"}]},"17":{"Type":"Standard","SubType":"","Description":"Last time of headache","ID":"BL_8tPyYGU0HhYV1sN","BlockElements":[{"Type":"Question","QuestionID":"QID38"}]},"18":{"Type":"Standard","SubType":"","Description":"No question 1","ID":"BL_eIFmzzw6iHCuQSx","BlockElements":[{"Type":"Question","QuestionID":"QID39"}]},"19":{"Type":"Standard","SubType":"","Description":"No question 2","ID":"BL_cwoqls3PtHBs8HX","BlockElements":[{"Type":"Question","QuestionID":"QID40"}]},"20":{"Type":"Standard","SubType":"","Description":"Sinus question","ID":"BL_24umP4PnVR16sWp","BlockElements":[{"Type":"Question","QuestionID":"QID41"}]},"22":{"Type":"Standard","SubType":"","Description":"Type - severity of pain\/symptoms\/medication\/frequency\/lifetime - Pain\/Discomfort","ID":"BL_6hxtYaqN6jEIk6h","BlockElements":[{"Type":"Question","QuestionID":"QID49"},{"Type":"Question","QuestionID":"QID50"},{"Type":"Question","QuestionID":"QID65"},{"Type":"Question","QuestionID":"QID43"},{"Type":"Question","QuestionID":"QID44"},{"Type":"Question","QuestionID":"QID46"}]},"23":{"Type":"Standard","SubType":"","Description":"Pain\/Symptoms < 4 hours","ID":"BL_6lqfvczRrxwkojr","BlockElements":[{"Type":"Question","QuestionID":"QID51"}]},"24":{"Type":"Standard","SubType":"","Description":"Sensitivity during headache < 4 hours","ID":"BL_6r2b8R46KEX0J2R","BlockElements":[{"Type":"Question","QuestionID":"QID52"}]},"26":{"Type":"Standard","SubType":"","Description":"Medication - Headache","ID":"BL_eWg9kthZavE01AV","BlockElements":[{"Type":"Question","QuestionID":"QID57"}]},"27":{"Type":"Standard","SubType":"","Description":"Type and severity of pain - Headache","ID":"BL_doGQDlRxTEjvUy1","BlockElements":[{"Type":"Question","QuestionID":"QID60"}]},"29":{"Type":"Standard","SubType":"","Description":"Motion sickness question","ID":"BL_2mGCAXU2EojBrh3","BlockElements":[{"Type":"Question","QuestionID":"QID63"}]},"30":{"Type":"Standard","SubType":"","Description":"Family","ID":"BL_9AKqxYwTm2lzp9b","BlockElements":[{"Type":"Question","QuestionID":"QID64"}]},"31":{"Type":"Standard","SubType":"","Description":"Menstrual question","ID":"BL_068Xnr4R8r3LL49","BlockElements":[{"Type":"Question","QuestionID":"QID67"}]},"32":{"Type":"Standard","SubType":"","Description":"Sincerity of answers","ID":"BL_bQaemZtldyzp6aF","BlockElements":[{"Type":"Question","QuestionID":"QID68"}]},"33":{"Type":"Standard","SubType":"","Description":"Future studies","ID":"BL_eQbTmLLqyN020Ch","BlockElements":[{"Type":"Question","QuestionID":"QID69"}]},"34":{"Type":"Standard","SubType":"","Description":"Visual Aura Length","ID":"BL_1LEj0eE6NkqNfvf","BlockElements":[{"Type":"Question","QuestionID":"QID70"}],"Options":{"BlockLocking":"false","RandomizeQuestions":"false","BlockVisibility":"Expanded"}},"35":{"Type":"Standard","SubType":"","Description":"Nonvisual Aura Length","ID":"BL_9MJ6KnJq4RkcQPX","BlockElements":[{"Type":"Question","QuestionID":"QID71"}],"Options":{"BlockLocking":"false","RandomizeQuestions":"false","BlockVisibility":"Expanded"}},"36":{"Type":"Standard","SubType":"","Description":"Block 27","ID":"BL_cGEbqWLq2YBM1wh"},"37":{"Type":"Standard","SubType":"","Description":"Subject Info","ID":"BL_enBD5LTuIEEAR5X","Options":{"BlockLocking":false,"RandomizeQuestions":"false","BlockVisibility":"Collapsed"},"BlockElements":[{"Type":"Question","QuestionID":"QID72"},{"Type":"Question","QuestionID":"QID73"}]}}},{"SurveyID":"SV_cTNaBFgAt0SLkhf","Element":"FL","PrimaryAttribute":"Survey Flow","SecondaryAttribute":null,"TertiaryAttribute":null,"Payload":{"Type":"Root","FlowID":"FL_1","Flow":[{"Type":"Standard","ID":"BL_enBD5LTuIEEAR5X","FlowID":"FL_5"},{"Type":"Block","ID":"BL_8qr3gpo7KCHX9qd","FlowID":"FL_2"},{"Type":"Branch","FlowID":"FL_3","Description":"New Branch","BranchLogic":{"0":{"0":{"LogicType":"Question","QuestionID":"QID1","QuestionIsInLoop":"no","ChoiceLocator":"q:\/\/QID1\/SelectableChoice\/1","Operator":"Selected","QuestionIDFromLocator":"QID1","LeftOperand":"q:\/\/QID1\/SelectableChoice\/1","Type":"Expression","Description":"<span class=\"ConjDesc\">If<\/span> <span class=\"QuestionDesc\">Do you get headaches?<\/span> <span class=\"LeftOpDesc\">Yes<\/span> <span class=\"OpDesc\">Is Selected<\/span> "},"Type":"If"},"Type":"BooleanExpression"},"Flow":[{"Type":"Block","ID":"BL_8nQ8EOpN4cJYthj","FlowID":"FL_50"},{"Type":"Branch","FlowID":"FL_51","Description":"New Branch","BranchLogic":{"0":{"0":{"LogicType":"Question","QuestionID":"QID3","QuestionIsInLoop":"no","ChoiceLocator":"q:\/\/QID3\/SelectableChoice\/1","Operator":"Selected","QuestionIDFromLocator":"QID3","LeftOperand":"q:\/\/QID3\/SelectableChoice\/1","Type":"Expression","Description":"<span class=\"ConjDesc\">If<\/span> <span class=\"QuestionDesc\">Do you get headaches that are NOT caused by a head injury, hangover, or an illness such as the co...<\/span> <span class=\"LeftOpDesc\">Yes<\/span> <span class=\"OpDesc\">Is Selected<\/span> "},"Type":"If"},"Type":"BooleanExpression"},"Flow":[{"Type":"Standard","ID":"BL_0iyvv1QnTQwXRfT","FlowID":"FL_68"},{"Type":"Branch","FlowID":"FL_69","Description":"New Branch","BranchLogic":{"0":{"0":{"LogicType":"Question","QuestionID":"QID4","QuestionIsInLoop":"no","ChoiceLocator":"q:\/\/QID4\/SelectableChoice\/1","Operator":"Selected","QuestionIDFromLocator":"QID4","LeftOperand":"q:\/\/QID4\/SelectableChoice\/1","Type":"Expression","Description":"<span class=\"ConjDesc\">If<\/span> <span class=\"QuestionDesc\">Do your headaches ever last more than 4 hours? &nbsp;<\/span> <span class=\"LeftOpDesc\">Yes<\/span> <span class=\"OpDesc\">Is Selected<\/span> "},"Type":"If"},"Type":"BooleanExpression"},"Flow":[{"Type":"Standard","ID":"BL_81umV3maHstd2Vn","FlowID":"FL_121"},{"Type":"Standard","ID":"BL_0IAZFANZyvj7fOB","FlowID":"FL_122"},{"Type":"Standard","ID":"BL_086rN490M32CIyp","FlowID":"FL_123"},{"Type":"Standard","ID":"BL_8tPyYGU0HhYV1sN","FlowID":"FL_124"},{"Type":"Standard","ID":"BL_9prMG1epInXkBhP","FlowID":"FL_125"},{"Type":"Branch","FlowID":"FL_126","Description":"New Branch","BranchLogic":{"0":{"0":{"LogicType":"Question","QuestionID":"QID8","QuestionIsInLoop":"no","ChoiceLocator":"q:\/\/QID8\/SelectableChoice\/1","Operator":"Selected","QuestionIDFromLocator":"QID8","LeftOperand":"q:\/\/QID8\/SelectableChoice\/1","Type":"Expression","Description":"<span class=\"ConjDesc\">If<\/span> <span class=\"QuestionDesc\">Have you ever seen any spots, stars, lines, flashing lights, zigzag lines, or heat waves around t...<\/span> <span class=\"LeftOpDesc\">Yes<\/span> <span class=\"OpDesc\">Is Selected<\/span> "},"Type":"If"},"Type":"BooleanExpression"},"Flow":[{"Type":"Standard","ID":"BL_297f7PeZ75F1xc1","FlowID":"FL_145"},{"Type":"Branch","FlowID":"FL_146","Description":"New Branch","BranchLogic":{"0":{"0":{"LogicType":"Question","QuestionID":"QID19","QuestionIsInLoop":"no","ChoiceLocator":"q:\/\/QID19\/SelectableChoice\/2","Operator":"NotSelected","QuestionIDFromLocator":"QID19","LeftOperand":"q:\/\/QID19\/SelectableChoice\/2","Type":"Expression","Description":"<span class=\"ConjDesc\">If<\/span> <span class=\"QuestionDesc\">How long do these visual phenomena typically last?<\/span> <span class=\"LeftOpDesc\">5 min to 1 hour<\/span> <span class=\"OpDesc\">Is Not Selected<\/span> "},"Type":"If"},"Type":"BooleanExpression"},"Flow":[{"Type":"Standard","ID":"BL_1LEj0eE6NkqNfvf","FlowID":"FL_147"}]}]},{"Type":"Standard","ID":"BL_8DrGQcun8XABtZz","FlowID":"FL_127"},{"Type":"Branch","FlowID":"FL_128","Description":"New Branch","BranchLogic":{"0":{"0":{"LogicType":"Question","QuestionID":"QID23","QuestionIsInLoop":"no","ChoiceLocator":"q:\/\/QID23\/SelectableChoice\/5","Operator":"NotSelected","QuestionIDFromLocator":"QID23","LeftOperand":"q:\/\/QID23\/SelectableChoice\/5","Type":"Expression","Description":"<span class=\"ConjDesc\">If<\/span> <span class=\"QuestionDesc\">Around the time of your headaches, have you ever had:<\/span> <span class=\"LeftOpDesc\">None of the above<\/span> <span class=\"OpDesc\">Is Not Selected<\/span> "},"Type":"If"},"Type":"BooleanExpression"},"Flow":[{"Type":"Standard","ID":"BL_esOVIDKmdgLfgUd","FlowID":"FL_136"},{"Type":"Branch","FlowID":"FL_137","Description":"New Branch","BranchLogic":{"0":{"0":{"LogicType":"Question","QuestionID":"QID26","QuestionIsInLoop":"no","ChoiceLocator":"q:\/\/QID26\/SelectableChoice\/2","Operator":"NotSelected","QuestionIDFromLocator":"QID26","LeftOperand":"q:\/\/QID26\/SelectableChoice\/2","Type":"Expression","Description":"<span class=\"ConjDesc\">If<\/span> <span class=\"QuestionDesc\">How long do these phenomena typically last?<\/span> <span class=\"LeftOpDesc\">5 min to 1 hour<\/span> <span class=\"OpDesc\">Is Not Selected<\/span> "},"Type":"If"},"Type":"BooleanExpression"},"Flow":[{"Type":"Standard","ID":"BL_9MJ6KnJq4RkcQPX","FlowID":"FL_144"}]},{"Type":"Block","ID":"BL_9AKqxYwTm2lzp9b","FlowID":"FL_138"},{"Type":"Branch","FlowID":"FL_139","Description":"New Branch","BranchLogic":{"0":{"0":{"LogicType":"Question","QuestionID":"QID6","QuestionIsInLoop":"no","ChoiceLocator":"q:\/\/QID6\/SelectableChoice\/2","Operator":"Selected","QuestionIDFromLocator":"QID6","LeftOperand":"q:\/\/QID6\/SelectableChoice\/2","Type":"Expression","Description":"<span class=\"ConjDesc\">If<\/span> <span class=\"QuestionDesc\">During your headaches that are longer than 4 hours, do you ever experience the following symptoms...<\/span> <span class=\"LeftOpDesc\">Sensitivity to light<\/span> <span class=\"OpDesc\">Is Selected<\/span> "},"Type":"If"},"Type":"BooleanExpression"},"Flow":[{"Type":"Block","ID":"BL_8pmctfRIzS6xv37","FlowID":"FL_143"}]},{"Type":"Block","ID":"BL_bQaemZtldyzp6aF","FlowID":"FL_140"},{"Type":"Block","ID":"BL_eQbTmLLqyN020Ch","FlowID":"FL_141"},{"Type":"EndSurvey","FlowID":"FL_142"}]},{"Type":"Branch","FlowID":"FL_129","Description":"New Branch","BranchLogic":{"0":{"0":{"LogicType":"Question","QuestionID":"QID23","QuestionIsInLoop":"no","ChoiceLocator":"q:\/\/QID23\/SelectableChoice\/5","Operator":"Selected","QuestionIDFromLocator":"QID23","LeftOperand":"q:\/\/QID23\/SelectableChoice\/5","Type":"Expression","Description":"<span class=\"ConjDesc\">If<\/span> <span class=\"QuestionDesc\">Around the time of your headaches, have you ever had:<\/span> <span class=\"LeftOpDesc\">None of the above<\/span> <span class=\"OpDesc\">Is Selected<\/span> "},"Type":"If"},"Type":"BooleanExpression"},"Flow":[{"Type":"Block","ID":"BL_9AKqxYwTm2lzp9b","FlowID":"FL_130"},{"Type":"Branch","FlowID":"FL_131","Description":"New Branch","BranchLogic":{"0":{"0":{"LogicType":"Question","QuestionID":"QID6","QuestionIsInLoop":"no","ChoiceLocator":"q:\/\/QID6\/SelectableChoice\/2","Operator":"Selected","QuestionIDFromLocator":"QID6","LeftOperand":"q:\/\/QID6\/SelectableChoice\/2","Type":"Expression","Description":"<span class=\"ConjDesc\">If<\/span> <span class=\"QuestionDesc\">During your headaches that are longer than 4 hours, do you ever experience the following symptoms...<\/span> <span class=\"LeftOpDesc\">Sensitivity to light<\/span> <span class=\"OpDesc\">Is Selected<\/span> "},"Type":"If"},"Type":"BooleanExpression"},"Flow":[{"Type":"Standard","ID":"BL_8pmctfRIzS6xv37","FlowID":"FL_135"}]},{"Type":"Block","ID":"BL_bQaemZtldyzp6aF","FlowID":"FL_132"},{"Type":"Block","ID":"BL_eQbTmLLqyN020Ch","FlowID":"FL_133"},{"Type":"EndSurvey","FlowID":"FL_134"}]}]},{"Type":"Branch","FlowID":"FL_70","Description":"New Branch","BranchLogic":{"0":{"0":{"LogicType":"Question","QuestionID":"QID4","QuestionIsInLoop":"no","ChoiceLocator":"q:\/\/QID4\/SelectableChoice\/2","Operator":"Selected","QuestionIDFromLocator":"QID4","LeftOperand":"q:\/\/QID4\/SelectableChoice\/2","Type":"Expression","Description":"<span class=\"ConjDesc\">If<\/span> <span class=\"QuestionDesc\">Do your headaches ever last more than 4 hours? &nbsp;<\/span> <span class=\"LeftOpDesc\">No<\/span> <span class=\"OpDesc\">Is Selected<\/span> "},"Type":"If"},"Type":"BooleanExpression"},"Flow":[{"Type":"Block","ID":"BL_6lqfvczRrxwkojr","FlowID":"FL_71"},{"Type":"Block","ID":"BL_6r2b8R46KEX0J2R","FlowID":"FL_72"},{"Type":"Block","ID":"BL_086rN490M32CIyp","FlowID":"FL_73"},{"Type":"Block","ID":"BL_8tPyYGU0HhYV1sN","FlowID":"FL_74"},{"Type":"Block","ID":"BL_9prMG1epInXkBhP","FlowID":"FL_75"},{"Type":"Branch","FlowID":"FL_76","Description":"New Branch","BranchLogic":{"0":{"0":{"LogicType":"Question","QuestionID":"QID8","QuestionIsInLoop":"no","ChoiceLocator":"q:\/\/QID8\/SelectableChoice\/1","Operator":"Selected","QuestionIDFromLocator":"QID8","LeftOperand":"q:\/\/QID8\/SelectableChoice\/1","Type":"Expression","Description":"<span class=\"ConjDesc\">If<\/span> <span class=\"QuestionDesc\">Have you ever seen any spots, stars, lines, flashing lights, zigzag lines, or heat waves around t...<\/span> <span class=\"LeftOpDesc\">Yes<\/span> <span class=\"OpDesc\">Is Selected<\/span> "},"Type":"If"},"Type":"BooleanExpression"},"Flow":[{"Type":"Block","ID":"BL_297f7PeZ75F1xc1","FlowID":"FL_100"},{"Type":"Branch","FlowID":"FL_101","Description":"New Branch","BranchLogic":{"0":{"0":{"LogicType":"Question","QuestionID":"QID19","QuestionIsInLoop":"no","ChoiceLocator":"q:\/\/QID19\/SelectableChoice\/2","Operator":"NotSelected","QuestionIDFromLocator":"QID19","LeftOperand":"q:\/\/QID19\/SelectableChoice\/2","Type":"Expression","Description":"<span class=\"ConjDesc\">If<\/span> <span class=\"QuestionDesc\">How long do these visual phenomena typically last?<\/span> <span class=\"LeftOpDesc\">5 min to 1 hour<\/span> <span class=\"OpDesc\">Is Not Selected<\/span> "},"Type":"If"},"Type":"BooleanExpression"},"Flow":[{"Type":"Standard","ID":"BL_1LEj0eE6NkqNfvf","FlowID":"FL_120"}]},{"Type":"Block","ID":"BL_8DrGQcun8XABtZz","FlowID":"FL_102"},{"Type":"Branch","FlowID":"FL_103","Description":"New Branch","BranchLogic":{"0":{"0":{"LogicType":"Question","QuestionID":"QID23","QuestionIsInLoop":"no","ChoiceLocator":"q:\/\/QID23\/SelectableChoice\/5","Operator":"NotSelected","QuestionIDFromLocator":"QID23","LeftOperand":"q:\/\/QID23\/SelectableChoice\/5","Type":"Expression","Description":"<span class=\"ConjDesc\">If<\/span> <span class=\"QuestionDesc\">Around the time of your headaches, have you ever had:<\/span> <span class=\"LeftOpDesc\">None of the above<\/span> <span class=\"OpDesc\">Is Not Selected<\/span> "},"Type":"If"},"Type":"BooleanExpression"},"Flow":[{"Type":"Block","ID":"BL_esOVIDKmdgLfgUd","FlowID":"FL_111"},{"Type":"Branch","FlowID":"FL_112","Description":"New Branch","BranchLogic":{"0":{"0":{"LogicType":"Question","QuestionID":"QID26","QuestionIsInLoop":"no","ChoiceLocator":"q:\/\/QID26\/SelectableChoice\/2","Operator":"NotSelected","QuestionIDFromLocator":"QID26","LeftOperand":"q:\/\/QID26\/SelectableChoice\/2","Type":"Expression","Description":"<span class=\"ConjDesc\">If<\/span> <span class=\"QuestionDesc\">How long do these phenomena typically last?<\/span> <span class=\"LeftOpDesc\">5 min to 1 hour<\/span> <span class=\"OpDesc\">Is Not Selected<\/span> "},"Type":"If"},"Type":"BooleanExpression"},"Flow":[{"Type":"Standard","ID":"BL_9MJ6KnJq4RkcQPX","FlowID":"FL_119"}]},{"Type":"Block","ID":"BL_9AKqxYwTm2lzp9b","FlowID":"FL_113"},{"Type":"Branch","FlowID":"FL_114","Description":"New Branch","BranchLogic":{"0":{"0":{"LogicType":"Question","QuestionID":"QID52","QuestionIsInLoop":"no","ChoiceLocator":"q:\/\/QID52\/SelectableChoice\/2","Operator":"Selected","QuestionIDFromLocator":"QID52","LeftOperand":"q:\/\/QID52\/SelectableChoice\/2","Type":"Expression","Description":"<span class=\"ConjDesc\">If<\/span> <span class=\"QuestionDesc\">During your MOST SEVERE headaches, do you ever experience the following symptoms? Please mark all...<\/span> <span class=\"LeftOpDesc\">Sensitivity to light<\/span> <span class=\"OpDesc\">Is Selected<\/span> "},"Type":"If"},"Type":"BooleanExpression"},"Flow":[{"Type":"Block","ID":"BL_8pmctfRIzS6xv37","FlowID":"FL_118"}]},{"Type":"Block","ID":"BL_bQaemZtldyzp6aF","FlowID":"FL_115"},{"Type":"Block","ID":"BL_eQbTmLLqyN020Ch","FlowID":"FL_116"},{"Type":"EndSurvey","FlowID":"FL_117"}]},{"Type":"Branch","FlowID":"FL_104","Description":"New Branch","BranchLogic":{"0":{"0":{"LogicType":"Question","QuestionID":"QID23","QuestionIsInLoop":"no","ChoiceLocator":"q:\/\/QID23\/SelectableChoice\/5","Operator":"Selected","QuestionIDFromLocator":"QID23","LeftOperand":"q:\/\/QID23\/SelectableChoice\/5","Type":"Expression","Description":"<span class=\"ConjDesc\">If<\/span> <span class=\"QuestionDesc\">Around the time of your headaches, have you ever had:<\/span> <span class=\"LeftOpDesc\">None of the above<\/span> <span class=\"OpDesc\">Is Selected<\/span> "},"Type":"If"},"Type":"BooleanExpression"},"Flow":[{"Type":"Block","ID":"BL_9AKqxYwTm2lzp9b","FlowID":"FL_105"},{"Type":"Branch","FlowID":"FL_106","Description":"New Branch","BranchLogic":{"0":{"0":{"LogicType":"Question","QuestionID":"QID52","QuestionIsInLoop":"no","ChoiceLocator":"q:\/\/QID52\/SelectableChoice\/2","Operator":"Selected","QuestionIDFromLocator":"QID52","LeftOperand":"q:\/\/QID52\/SelectableChoice\/2","Type":"Expression","Description":"<span class=\"ConjDesc\">If<\/span> <span class=\"QuestionDesc\">During your MOST SEVERE headaches, do you ever experience the following symptoms? Please mark all...<\/span> <span class=\"LeftOpDesc\">Sensitivity to light<\/span> <span class=\"OpDesc\">Is Selected<\/span> "},"Type":"If"},"Type":"BooleanExpression"},"Flow":[{"Type":"Block","ID":"BL_8pmctfRIzS6xv37","FlowID":"FL_110"}]},{"Type":"Block","ID":"BL_bQaemZtldyzp6aF","FlowID":"FL_107"},{"Type":"Block","ID":"BL_eQbTmLLqyN020Ch","FlowID":"FL_108"},{"Type":"EndSurvey","FlowID":"FL_109"}]}]},{"Type":"Branch","FlowID":"FL_77","Description":"New Branch","BranchLogic":{"0":{"0":{"LogicType":"Question","QuestionID":"QID8","QuestionIsInLoop":"no","ChoiceLocator":"q:\/\/QID8\/SelectableChoice\/2","Operator":"Selected","QuestionIDFromLocator":"QID8","LeftOperand":"q:\/\/QID8\/SelectableChoice\/2","Type":"Expression","Description":"<span class=\"ConjDesc\">If<\/span> <span class=\"QuestionDesc\">Have you ever seen any spots, stars, lines, flashing lights, zigzag lines, or heat waves around t...<\/span> <span class=\"LeftOpDesc\">No<\/span> <span class=\"OpDesc\">Is Selected<\/span> "},"Type":"If"},"Type":"BooleanExpression"},"Flow":[{"Type":"Block","ID":"BL_8DrGQcun8XABtZz","FlowID":"FL_78"},{"Type":"Branch","FlowID":"FL_79","Description":"New Branch","BranchLogic":{"0":{"0":{"LogicType":"Question","QuestionID":"QID23","QuestionIsInLoop":"no","ChoiceLocator":"q:\/\/QID23\/SelectableChoice\/5","Operator":"NotSelected","QuestionIDFromLocator":"QID23","LeftOperand":"q:\/\/QID23\/SelectableChoice\/5","Type":"Expression","Description":"<span class=\"ConjDesc\">If<\/span> <span class=\"QuestionDesc\">Around the time of your headaches, have you ever had:<\/span> <span class=\"LeftOpDesc\">None of the above<\/span> <span class=\"OpDesc\">Is Not Selected<\/span> "},"Type":"If"},"Type":"BooleanExpression"},"Flow":[{"Type":"Block","ID":"BL_esOVIDKmdgLfgUd","FlowID":"FL_91"},{"Type":"Branch","FlowID":"FL_92","Description":"New Branch","BranchLogic":{"0":{"0":{"LogicType":"Question","QuestionID":"QID26","QuestionIsInLoop":"no","ChoiceLocator":"q:\/\/QID26\/SelectableChoice\/2","Operator":"NotSelected","QuestionIDFromLocator":"QID26","LeftOperand":"q:\/\/QID26\/SelectableChoice\/2","Type":"Expression","Description":"<span class=\"ConjDesc\">If<\/span> <span class=\"QuestionDesc\">How long do these phenomena typically last?<\/span> <span class=\"LeftOpDesc\">5 min to 1 hour<\/span> <span class=\"OpDesc\">Is Not Selected<\/span> "},"Type":"If"},"Type":"BooleanExpression"},"Flow":[{"Type":"Standard","ID":"BL_9MJ6KnJq4RkcQPX","FlowID":"FL_99"}]},{"Type":"Block","ID":"BL_9AKqxYwTm2lzp9b","FlowID":"FL_93"},{"Type":"Branch","FlowID":"FL_94","Description":"New Branch","BranchLogic":{"0":{"0":{"LogicType":"Question","QuestionID":"QID52","QuestionIsInLoop":"no","ChoiceLocator":"q:\/\/QID52\/SelectableChoice\/2","Operator":"Selected","QuestionIDFromLocator":"QID52","LeftOperand":"q:\/\/QID52\/SelectableChoice\/2","Type":"Expression","Description":"<span class=\"ConjDesc\">If<\/span> <span class=\"QuestionDesc\">During your MOST SEVERE headaches, do you ever experience the following symptoms? Please mark all...<\/span> <span class=\"LeftOpDesc\">Sensitivity to light<\/span> <span class=\"OpDesc\">Is Selected<\/span> "},"Type":"If"},"Type":"BooleanExpression"},"Flow":[{"Type":"Block","ID":"BL_8pmctfRIzS6xv37","FlowID":"FL_98"}]},{"Type":"Block","ID":"BL_bQaemZtldyzp6aF","FlowID":"FL_95"},{"Type":"Block","ID":"BL_eQbTmLLqyN020Ch","FlowID":"FL_96"},{"Type":"EndSurvey","FlowID":"FL_97"}]},{"Type":"Branch","FlowID":"FL_80","Description":"New Branch","BranchLogic":{"0":{"0":{"LogicType":"Question","QuestionID":"QID23","QuestionIsInLoop":"no","ChoiceLocator":"q:\/\/QID23\/SelectableChoice\/5","Operator":"Selected","QuestionIDFromLocator":"QID23","LeftOperand":"q:\/\/QID23\/SelectableChoice\/5","Type":"Expression","Description":"<span class=\"ConjDesc\">If<\/span> <span class=\"QuestionDesc\">Around the time of your headaches, have you ever had:<\/span> <span class=\"LeftOpDesc\">None of the above<\/span> <span class=\"OpDesc\">Is Selected<\/span> "},"Type":"If"},"Type":"BooleanExpression"},"Flow":[{"Type":"Block","ID":"BL_doGQDlRxTEjvUy1","FlowID":"FL_81"},{"Type":"Block","ID":"BL_eWg9kthZavE01AV","FlowID":"FL_82"},{"Type":"Block","ID":"BL_068Xnr4R8r3LL49","FlowID":"FL_83"},{"Type":"Block","ID":"BL_2mGCAXU2EojBrh3","FlowID":"FL_84"},{"Type":"Block","ID":"BL_9AKqxYwTm2lzp9b","FlowID":"FL_85"},{"Type":"Branch","FlowID":"FL_86","Description":"New Branch","BranchLogic":{"0":{"0":{"LogicType":"Question","QuestionID":"QID52","QuestionIsInLoop":"no","ChoiceLocator":"q:\/\/QID52\/SelectableChoice\/2","Operator":"Selected","QuestionIDFromLocator":"QID52","LeftOperand":"q:\/\/QID52\/SelectableChoice\/2","Type":"Expression","Description":"<span class=\"ConjDesc\">If<\/span> <span class=\"QuestionDesc\">During your MOST SEVERE headaches, do you ever experience the following symptoms? Please mark all...<\/span> <span class=\"LeftOpDesc\">Sensitivity to light<\/span> <span class=\"OpDesc\">Is Selected<\/span> "},"Type":"If"},"Type":"BooleanExpression"},"Flow":[{"Type":"Block","ID":"BL_8pmctfRIzS6xv37","FlowID":"FL_90"}]},{"Type":"Block","ID":"BL_bQaemZtldyzp6aF","FlowID":"FL_87"},{"Type":"Block","ID":"BL_eQbTmLLqyN020Ch","FlowID":"FL_88"},{"Type":"EndSurvey","FlowID":"FL_89"}]}]}]}]},{"Type":"Branch","FlowID":"FL_52","Description":"New Branch","BranchLogic":{"0":{"0":{"LogicType":"Question","QuestionID":"QID3","QuestionIsInLoop":"no","ChoiceLocator":"q:\/\/QID3\/SelectableChoice\/2","Operator":"Selected","QuestionIDFromLocator":"QID3","LeftOperand":"q:\/\/QID3\/SelectableChoice\/2","Type":"Expression","Description":"<span class=\"ConjDesc\">If<\/span> <span class=\"QuestionDesc\">Do you get headaches that are NOT caused by a head injury, hangover, or an illness such as the co...<\/span> <span class=\"LeftOpDesc\">No<\/span> <span class=\"OpDesc\">Is Selected<\/span> "},"Type":"If"},"Type":"BooleanExpression"},"Flow":[{"Type":"Block","ID":"BL_24umP4PnVR16sWp","FlowID":"FL_53"},{"Type":"Branch","FlowID":"FL_54","Description":"New Branch","BranchLogic":{"0":{"0":{"LogicType":"Question","QuestionID":"QID41","QuestionIsInLoop":"no","ChoiceLocator":"q:\/\/QID41\/SelectableChoice\/1","Operator":"Selected","QuestionIDFromLocator":"QID41","LeftOperand":"q:\/\/QID41\/SelectableChoice\/1","Type":"Expression","Description":"<span class=\"ConjDesc\">If<\/span> <span class=\"QuestionDesc\">Have you ever had episodes of discomfort, pressure, or pain around your eyes or sinuses?<\/span> <span class=\"LeftOpDesc\">Yes<\/span> <span class=\"OpDesc\">Is Selected<\/span> "},"Type":"If"},"Type":"BooleanExpression"},"Flow":[{"Type":"Block","ID":"BL_6hxtYaqN6jEIk6h","FlowID":"FL_61"},{"Type":"Block","ID":"BL_068Xnr4R8r3LL49","FlowID":"FL_62"},{"Type":"Block","ID":"BL_2mGCAXU2EojBrh3","FlowID":"FL_63"},{"Type":"Block","ID":"BL_9AKqxYwTm2lzp9b","FlowID":"FL_64"},{"Type":"Block","ID":"BL_bQaemZtldyzp6aF","FlowID":"FL_65"},{"Type":"Block","ID":"BL_eQbTmLLqyN020Ch","FlowID":"FL_66"},{"Type":"EndSurvey","FlowID":"FL_67"}]},{"Type":"Branch","FlowID":"FL_55","Description":"New Branch","BranchLogic":{"0":{"0":{"LogicType":"Question","QuestionID":"QID41","QuestionIsInLoop":"no","ChoiceLocator":"q:\/\/QID41\/SelectableChoice\/3","Operator":"Selected","QuestionIDFromLocator":"QID41","LeftOperand":"q:\/\/QID41\/SelectableChoice\/3","Type":"Expression","Description":"<span class=\"ConjDesc\">If<\/span> <span class=\"QuestionDesc\">Have you ever had episodes of discomfort, pressure, or pain around your eyes or sinuses?<\/span> <span class=\"LeftOpDesc\">No<\/span> <span class=\"OpDesc\">Is Selected<\/span> "},"Type":"If"},"Type":"BooleanExpression"},"Flow":[{"Type":"Block","ID":"BL_2mGCAXU2EojBrh3","FlowID":"FL_56"},{"Type":"Block","ID":"BL_9AKqxYwTm2lzp9b","FlowID":"FL_57"},{"Type":"Block","ID":"BL_bQaemZtldyzp6aF","FlowID":"FL_58"},{"Type":"Block","ID":"BL_eQbTmLLqyN020Ch","FlowID":"FL_59"},{"Type":"EndSurvey","FlowID":"FL_60"}]}]}]},{"Type":"Branch","FlowID":"FL_4","Description":"New Branch","BranchLogic":{"0":{"0":{"LogicType":"Question","QuestionID":"QID1","QuestionIsInLoop":"no","ChoiceLocator":"q:\/\/QID1\/SelectableChoice\/2","Operator":"Selected","QuestionIDFromLocator":"QID1","LeftOperand":"q:\/\/QID1\/SelectableChoice\/2","Type":"Expression","Description":"<span class=\"ConjDesc\">If<\/span> <span class=\"QuestionDesc\">Do you get headaches?<\/span> <span class=\"LeftOpDesc\">No<\/span> <span class=\"OpDesc\">Is Selected<\/span> "},"Type":"If"},"Type":"BooleanExpression"},"Flow":[{"Type":"Standard","ID":"BL_eIFmzzw6iHCuQSx","FlowID":"FL_6"},{"Type":"Branch","FlowID":"FL_7","Description":"New Branch","BranchLogic":{"0":{"0":{"LogicType":"Question","QuestionID":"QID39","QuestionIsInLoop":"no","ChoiceLocator":"q:\/\/QID39\/SelectableChoice\/1","Operator":"Selected","QuestionIDFromLocator":"QID39","LeftOperand":"q:\/\/QID39\/SelectableChoice\/1","Type":"Expression","Description":"<span class=\"ConjDesc\">If<\/span> <span class=\"QuestionDesc\">Have you ever had a headache?<\/span> <span class=\"LeftOpDesc\">Yes<\/span> <span class=\"OpDesc\">Is Selected<\/span> "},"Type":"If"},"Type":"BooleanExpression"},"Flow":[{"Type":"Standard","ID":"BL_cwoqls3PtHBs8HX","FlowID":"FL_24"},{"Type":"Standard","ID":"BL_cGEbqWLq2YBM1wh","FlowID":"FL_25"},{"Type":"Branch","FlowID":"FL_26","Description":"New Branch","BranchLogic":{"0":{"0":{"LogicType":"Question","QuestionID":"QID40","QuestionIsInLoop":"no","ChoiceLocator":"q:\/\/QID40\/SelectableChoice\/1","Operator":"Selected","QuestionIDFromLocator":"QID40","LeftOperand":"q:\/\/QID40\/SelectableChoice\/1","Type":"Expression","Description":"<span class=\"ConjDesc\">If<\/span> <span class=\"QuestionDesc\">Have you ever had a headache that was NOT caused by a head injury, hangover, or an illness such a...<\/span> <span class=\"LeftOpDesc\">Yes<\/span> <span class=\"OpDesc\">Is Selected<\/span> "},"Type":"If"},"Type":"BooleanExpression"},"Flow":[{"Type":"Block","ID":"BL_6hxtYaqN6jEIk6h","FlowID":"FL_43"},{"Type":"Block","ID":"BL_068Xnr4R8r3LL49","FlowID":"FL_44"},{"Type":"Block","ID":"BL_2mGCAXU2EojBrh3","FlowID":"FL_45"},{"Type":"Block","ID":"BL_9AKqxYwTm2lzp9b","FlowID":"FL_46"},{"Type":"Standard","ID":"BL_bQaemZtldyzp6aF","FlowID":"FL_47"},{"Type":"Standard","ID":"BL_eQbTmLLqyN020Ch","FlowID":"FL_48"},{"Type":"EndSurvey","FlowID":"FL_49"}]},{"Type":"Branch","FlowID":"FL_27","Description":"New Branch","BranchLogic":{"0":{"0":{"LogicType":"Question","QuestionID":"QID40","QuestionIsInLoop":"no","ChoiceLocator":"q:\/\/QID40\/SelectableChoice\/2","Operator":"Selected","QuestionIDFromLocator":"QID40","LeftOperand":"q:\/\/QID40\/SelectableChoice\/2","Type":"Expression","Description":"<span class=\"ConjDesc\">If<\/span> <span class=\"QuestionDesc\">Have you ever had a headache that was NOT caused by a head injury, hangover, or an illness such a...<\/span> <span class=\"LeftOpDesc\">No<\/span> <span class=\"OpDesc\">Is Selected<\/span> "},"Type":"If"},"Type":"BooleanExpression"},"Flow":[{"Type":"Block","ID":"BL_24umP4PnVR16sWp","FlowID":"FL_28"},{"Type":"Branch","FlowID":"FL_29","Description":"New Branch","BranchLogic":{"0":{"0":{"LogicType":"Question","QuestionID":"QID41","QuestionIsInLoop":"no","ChoiceLocator":"q:\/\/QID41\/SelectableChoice\/1","Operator":"Selected","QuestionIDFromLocator":"QID41","LeftOperand":"q:\/\/QID41\/SelectableChoice\/1","Type":"Expression","Description":"<span class=\"ConjDesc\">If<\/span> <span class=\"QuestionDesc\">Have you ever had episodes of discomfort, pressure, or pain around your eyes or sinuses?<\/span> <span class=\"LeftOpDesc\">Yes<\/span> <span class=\"OpDesc\">Is Selected<\/span> "},"Type":"If"},"Type":"BooleanExpression"},"Flow":[{"Type":"Block","ID":"BL_6hxtYaqN6jEIk6h","FlowID":"FL_36"},{"Type":"Block","ID":"BL_068Xnr4R8r3LL49","FlowID":"FL_37"},{"Type":"Block","ID":"BL_2mGCAXU2EojBrh3","FlowID":"FL_38"},{"Type":"Block","ID":"BL_9AKqxYwTm2lzp9b","FlowID":"FL_39"},{"Type":"Standard","ID":"BL_bQaemZtldyzp6aF","FlowID":"FL_40"},{"Type":"Standard","ID":"BL_eQbTmLLqyN020Ch","FlowID":"FL_41"},{"Type":"EndSurvey","FlowID":"FL_42"}]},{"Type":"Branch","FlowID":"FL_30","Description":"New Branch","BranchLogic":{"0":{"0":{"LogicType":"Question","QuestionID":"QID41","QuestionIsInLoop":"no","ChoiceLocator":"q:\/\/QID41\/SelectableChoice\/3","Operator":"Selected","QuestionIDFromLocator":"QID41","LeftOperand":"q:\/\/QID41\/SelectableChoice\/3","Type":"Expression","Description":"<span class=\"ConjDesc\">If<\/span> <span class=\"QuestionDesc\">Have you ever had episodes of discomfort, pressure, or pain around your eyes or sinuses?<\/span> <span class=\"LeftOpDesc\">No<\/span> <span class=\"OpDesc\">Is Selected<\/span> "},"Type":"If"},"Type":"BooleanExpression"},"Flow":[{"Type":"Block","ID":"BL_2mGCAXU2EojBrh3","FlowID":"FL_31"},{"Type":"Block","ID":"BL_9AKqxYwTm2lzp9b","FlowID":"FL_32"},{"Type":"Standard","ID":"BL_bQaemZtldyzp6aF","FlowID":"FL_33"},{"Type":"Standard","ID":"BL_eQbTmLLqyN020Ch","FlowID":"FL_34"},{"Type":"EndSurvey","FlowID":"FL_35"}]}]}]},{"Type":"Branch","FlowID":"FL_8","Description":"New Branch","BranchLogic":{"0":{"0":{"LogicType":"Question","QuestionID":"QID39","QuestionIsInLoop":"no","ChoiceLocator":"q:\/\/QID39\/SelectableChoice\/3","Operator":"Selected","QuestionIDFromLocator":"QID39","LeftOperand":"q:\/\/QID39\/SelectableChoice\/3","Type":"Expression","Description":"<span class=\"ConjDesc\">If<\/span> <span class=\"QuestionDesc\">Have you ever had a headache?<\/span> <span class=\"LeftOpDesc\">No<\/span> <span class=\"OpDesc\">Is Selected<\/span> "},"Type":"If"},"Type":"BooleanExpression"},"Flow":[{"Type":"Standard","ID":"BL_24umP4PnVR16sWp","FlowID":"FL_9"},{"Type":"Branch","FlowID":"FL_10","Description":"New Branch","BranchLogic":{"0":{"0":{"LogicType":"Question","QuestionID":"QID41","QuestionIsInLoop":"no","ChoiceLocator":"q:\/\/QID41\/SelectableChoice\/1","Operator":"Selected","QuestionIDFromLocator":"QID41","LeftOperand":"q:\/\/QID41\/SelectableChoice\/1","Type":"Expression","Description":"<span class=\"ConjDesc\">If<\/span> <span class=\"QuestionDesc\">Have you ever had episodes of discomfort, pressure, or pain around your eyes or sinuses?<\/span> <span class=\"LeftOpDesc\">Yes<\/span> <span class=\"OpDesc\">Is Selected<\/span> "},"Type":"If"},"Type":"BooleanExpression"},"Flow":[{"Type":"Block","ID":"BL_6hxtYaqN6jEIk6h","FlowID":"FL_17"},{"Type":"Block","ID":"BL_068Xnr4R8r3LL49","FlowID":"FL_18"},{"Type":"Block","ID":"BL_2mGCAXU2EojBrh3","FlowID":"FL_19"},{"Type":"Block","ID":"BL_9AKqxYwTm2lzp9b","FlowID":"FL_20"},{"Type":"Standard","ID":"BL_bQaemZtldyzp6aF","FlowID":"FL_21"},{"Type":"Standard","ID":"BL_eQbTmLLqyN020Ch","FlowID":"FL_22"},{"Type":"EndSurvey","FlowID":"FL_23"}]},{"Type":"Branch","FlowID":"FL_11","Description":"New Branch","BranchLogic":{"0":{"0":{"LogicType":"Question","QuestionID":"QID41","QuestionIsInLoop":"no","ChoiceLocator":"q:\/\/QID41\/SelectableChoice\/3","Operator":"Selected","QuestionIDFromLocator":"QID41","LeftOperand":"q:\/\/QID41\/SelectableChoice\/3","Type":"Expression","Description":"<span class=\"ConjDesc\">If<\/span> <span class=\"QuestionDesc\">Have you ever had episodes of discomfort, pressure, or pain around your eyes or sinuses?<\/span> <span class=\"LeftOpDesc\">No<\/span> <span class=\"OpDesc\">Is Selected<\/span> "},"Type":"If"},"Type":"BooleanExpression"},"Flow":[{"Type":"Block","ID":"BL_2mGCAXU2EojBrh3","FlowID":"FL_12"},{"Type":"Block","ID":"BL_9AKqxYwTm2lzp9b","FlowID":"FL_13"},{"Type":"Standard","ID":"BL_bQaemZtldyzp6aF","FlowID":"FL_14"},{"Type":"Standard","ID":"BL_eQbTmLLqyN020Ch","FlowID":"FL_15"},{"Type":"EndSurvey","FlowID":"FL_16"}]}]}]}],"Properties":{"Count":147}}},{"SurveyID":"SV_cTNaBFgAt0SLkhf","Element":"SO","PrimaryAttribute":"Survey Options","SecondaryAttribute":null,"TertiaryAttribute":null,"Payload":{"BackButton":"true","SaveAndContinue":"true","SurveyProtection":"PublicSurvey","BallotBoxStuffingPrevention":"false","NoIndex":"Yes","SecureResponseFiles":"true","SurveyExpiration":null,"SurveyTermination":"DefaultMessage","Header":"","Footer":"","ProgressBarDisplay":"None","PartialData":"+1 week","ValidationMessage":null,"PreviousButton":"  <<  ","NextButton":"  >>  ","SkinLibrary":"upenn","SkinType":"MQ","Skin":"upenn8","NewScoring":1,"EOSMessage":"","ShowExportTags":"false","CollectGeoLocation":"false","SurveyTitle":"Online Survey Software | Qualtrics Survey Solutions","SurveyMetaDescription":"Qualtrics sophisticated online survey software solutions make creating online surveys easy. Learn more about Research Suite and get a free account today.","PasswordProtection":"No","AnonymizeResponse":"No","Password":"","RefererCheck":"No","RefererURL":"http:\/\/","EOSMessageLibrary":"","EOSRedirectURL":"https:\/\/","EmailThankYou":"false","ThankYouEmailMessageLibrary":null,"ThankYouEmailMessage":null,"ValidateMessage":"false","ValidationMessageLibrary":null,"InactiveSurvey":"DefaultMessage","PartialDataCloseAfter":"LastActivity","InactiveMessageLibrary":"","InactiveMessage":"","ActiveResponseSet":null,"AvailableLanguages":{"EN":[]},"ProtectSelectionIds":true}},{"SurveyID":"SV_cTNaBFgAt0SLkhf","Element":"SCO","PrimaryAttribute":"Scoring","SecondaryAttribute":null,"TertiaryAttribute":null,"Payload":{"ScoringCategories":[{"ID":"SC_abiLXNpVlRdFFu5","Name":"Score","Description":""}],"ScoringCategoryGroups":[],"DefaultScoringCategory":"SC_abiLXNpVlRdFFu5","ScoringSummaryCategory":null,"ScoringSummaryAfterQuestions":0,"ScoringSummaryAfterSurvey":0,"AutoScoringCategory":null}},{"SurveyID":"SV_cTNaBFgAt0SLkhf","Element":"STAT","PrimaryAttribute":"Survey Statistics","SecondaryAttribute":null,"TertiaryAttribute":null,"Payload":{"MobileCompatible":true,"ID":"Survey Statistics"}},{"SurveyID":"SV_cTNaBFgAt0SLkhf","Element":"PROJ","PrimaryAttribute":"CORE","SecondaryAttribute":"1.0.0","TertiaryAttribute":null,"Payload":null},{"SurveyID":"SV_cTNaBFgAt0SLkhf","Element":"QC","PrimaryAttribute":"Survey Question Count","SecondaryAttribute":"73","TertiaryAttribute":null,"Payload":null},{"SurveyID":"SV_cTNaBFgAt0SLkhf","Element":"SQ","PrimaryAttribute":"QID23","SecondaryAttribute":"Around the time of your headaches, have you ever had:","TertiaryAttribute":null,"Payload":{"QuestionText":"Around the time of your headaches, have you ever had:","DataExportTag":"Q23","QuestionType":"MC","Selector":"MAVR","SubSelector":"TX","Configuration":{"QuestionDescriptionOption":"UseText"},"QuestionDescription":"Around the time of your headaches, have you ever had:","Choices":{"1":{"Display":"Numbness or tingling of your body or face"},"3":{"Display":"Weakness of your arm, leg, face, or half of your body"},"4":{"Display":"Difficulty speaking"},"5":{"Display":"None of the above","ExclusiveAnswer":true}},"ChoiceOrder":["1","3","4","5"],"Validation":{"Settings":{"ForceResponse":"ON","ForceResponseType":"ON","Type":"None"}},"Language":[],"QuestionID":"QID23","DefaultChoices":false,"GradingData":[],"AnalyzeChoices":{"5":"on"}}},{"SurveyID":"SV_cTNaBFgAt0SLkhf","Element":"SQ","PrimaryAttribute":"QID42","SecondaryAttribute":"Click to write the question text","TertiaryAttribute":null,"Payload":{"QuestionText":"Click to write the question text","DataExportTag":"Q42","QuestionType":"MC","Selector":"SAVR","SubSelector":"TX","Configuration":{"QuestionDescriptionOption":"UseText"},"QuestionDescription":"Click to write the question text","Choices":{"1":{"Display":"Click to write Choice 1"},"2":{"Display":"Click to write Choice 2"},"3":{"Display":"Click to write Choice 3"}},"ChoiceOrder":["1","2","3"],"Validation":{"Settings":{"ForceResponse":"OFF","ForceResponseType":"ON","Type":"None"}},"Language":[],"QuestionID":"QID42"}},{"SurveyID":"SV_cTNaBFgAt0SLkhf","Element":"SQ","PrimaryAttribute":"QID45","SecondaryAttribute":"Click to write the question text","TertiaryAttribute":null,"Payload":{"QuestionText":"Click to write the question text","DataExportTag":"Q45","QuestionType":"MC","Selector":"SAVR","SubSelector":"TX","Configuration":{"QuestionDescriptionOption":"UseText"},"QuestionDescription":"Click to write the question text","Choices":{"1":{"Display":"Click to write Choice 1"},"2":{"Display":"Click to write Choice 2"},"3":{"Display":"Click to write Choice 3"}},"ChoiceOrder":["1","2","3"],"Validation":{"Settings":{"ForceResponse":"OFF","ForceResponseType":"ON","Type":"None"}},"Language":[],"QuestionID":"QID45"}},{"SurveyID":"SV_cTNaBFgAt0SLkhf","Element":"RS","PrimaryAttribute":"RS_bCoeT4Qejeouzat","SecondaryAttribute":"Default Response Set","TertiaryAttribute":null,"Payload":null},{"SurveyID":"SV_cTNaBFgAt0SLkhf","Element":"SQ","PrimaryAttribute":"QID63","SecondaryAttribute":"Did you get motion sick easily as a child?","TertiaryAttribute":null,"Payload":{"QuestionText":"Did you get motion sick easily as a child?","DataExportTag":"Q63","QuestionType":"MC","Selector":"SAVR","SubSelector":"TX","Configuration":{"QuestionDescriptionOption":"UseText"},"QuestionDescription":"Did you get motion sick easily as a child?","Choices":{"1":{"Display":"Yes"},"2":{"Display":"No"}},"ChoiceOrder":["1","2"],"Validation":{"Settings":{"ForceResponse":"ON","ForceResponseType":"ON","Type":"None"}},"Language":[],"QuestionID":"QID63"}},{"SurveyID":"SV_cTNaBFgAt0SLkhf","Element":"SQ","PrimaryAttribute":"QID68","SecondaryAttribute":"Did you take this survey seriously and are your answers sincere? Are all your answers correct?","TertiaryAttribute":null,"Payload":{"QuestionText":"Did you take this survey seriously and are your answers sincere? Are all your answers correct?","DataExportTag":"Q68","QuestionType":"MC","Selector":"SAVR","SubSelector":"TX","Configuration":{"QuestionDescriptionOption":"UseText"},"QuestionDescription":"Did you take this survey seriously and are your answers sincere? Are all your answers correct?","Choices":{"1":{"Display":"Yes, I took the survey seriously and my answers are correct"},"2":{"Display":"I made an error and I would like to retake this survey"},"3":{"Display":"I didn\u2019t take this very seriously. Don\u2019t use my answers"}},"ChoiceOrder":["1","2","3"],"Validation":{"Settings":{"ForceResponse":"OFF","ForceResponseType":"ON","Type":"None"}},"Language":[],"QuestionID":"QID68"}},{"SurveyID":"SV_cTNaBFgAt0SLkhf","Element":"SQ","PrimaryAttribute":"QID5","SecondaryAttribute":"Do any of the following statements describing your pain and other symptoms apply to your headache...","TertiaryAttribute":null,"Payload":{"QuestionText":"Do any of the following statements describing your pain and other symptoms apply to your headaches that are longer than 4 hours? Please mark all that apply.","DefaultChoices":false,"DataExportTag":"Q5","QuestionType":"MC","Selector":"MAVR","SubSelector":"TX","Configuration":{"QuestionDescriptionOption":"UseText"},"QuestionDescription":"Do any of the following statements describing your pain and other symptoms apply to your headache...","Choices":{"1":{"Display":"The pain is worse on one side"},"2":{"Display":"The pain is pounding, pulsating, or throbbing"},"3":{"Display":"The pain is moderate or severe in intensity"},"4":{"Display":"The pain is made worse by routine activities such as walking or climbing stairs"},"5":{"Display":"None of the above","ExclusiveAnswer":true}},"ChoiceOrder":[1,2,3,4,"5"],"Validation":{"Settings":{"ForceResponse":"ON","ForceResponseType":"ON","Type":"None"}},"GradingData":[],"Language":[],"QuestionID":"QID5"}},{"SurveyID":"SV_cTNaBFgAt0SLkhf","Element":"SQ","PrimaryAttribute":"QID64","SecondaryAttribute":"Do any of your first-degree relatives (parents, brothers, sisters, or children) get migraines?","TertiaryAttribute":null,"Payload":{"QuestionText":"Do any of your first-degree relatives (parents, brothers, sisters, or children) get migraines?","DataExportTag":"Q65","QuestionType":"MC","Selector":"SAVR","SubSelector":"TX","Configuration":{"QuestionDescriptionOption":"UseText"},"QuestionDescription":"Do any of your first-degree relatives (parents, brothers, sisters, or children) get migraines?","Choices":{"1":{"Display":"Yes"},"2":{"Display":"I do not know"},"3":{"Display":"No"}},"ChoiceOrder":["1","3","2"],"Validation":{"Settings":{"ForceResponse":"ON","ForceResponseType":"ON","Type":"None"}},"Language":[],"QuestionID":"QID64"}},{"SurveyID":"SV_cTNaBFgAt0SLkhf","Element":"SQ","PrimaryAttribute":"QID71","SecondaryAttribute":"Do these phenomena ever last 5-60 minutes?","TertiaryAttribute":null,"Payload":{"QuestionText":"Do these phenomena ever last 5-60 minutes?","DataExportTag":"Q71","QuestionType":"MC","Selector":"SAVR","SubSelector":"TX","Configuration":{"QuestionDescriptionOption":"UseText"},"QuestionDescription":"Do these phenomena ever last 5-60 minutes?","Choices":{"1":{"Display":"Yes"},"2":{"Display":"No"}},"ChoiceOrder":["1","2"],"Validation":{"Settings":{"ForceResponse":"ON","ForceResponseType":"ON","Type":"None"}},"Language":[],"QuestionID":"QID71","DataVisibility":{"Private":false}}},{"SurveyID":"SV_cTNaBFgAt0SLkhf","Element":"SQ","PrimaryAttribute":"QID70","SecondaryAttribute":"Do these visual phenomena ever last 5-60 minutes? ","TertiaryAttribute":null,"Payload":{"QuestionText":"Do these visual phenomena ever last 5-60 minutes?&nbsp;","DataExportTag":"Q70","QuestionType":"MC","Selector":"SAVR","SubSelector":"TX","Configuration":{"QuestionDescriptionOption":"UseText"},"QuestionDescription":"Do these visual phenomena ever last 5-60 minutes? ","Choices":{"1":{"Display":"Yes"},"2":{"Display":"No"}},"ChoiceOrder":["1","2"],"Validation":{"Settings":{"ForceResponse":"ON","ForceResponseType":"ON","Type":"None"}},"Language":[],"QuestionID":"QID70","DataVisibility":{"Private":false}}},{"SurveyID":"SV_cTNaBFgAt0SLkhf","Element":"SQ","PrimaryAttribute":"QID2","SecondaryAttribute":"Do you ever see shimmering lights, circles or other shapes, or colors before your eyes?","TertiaryAttribute":null,"Payload":{"QuestionText":"Do you ever see shimmering lights, circles or other shapes, or colors before your eyes?","DataExportTag":"Q2","QuestionType":"MC","Selector":"SAVR","SubSelector":"TX","Configuration":{"QuestionDescriptionOption":"UseText"},"QuestionDescription":"Do you ever see shimmering lights, circles or other shapes, or colors before your eyes?","Choices":{"1":{"Display":"Yes"},"2":{"Display":"No"}},"ChoiceOrder":[1,2],"Validation":{"Settings":{"ForceResponse":"OFF","ForceResponseType":"ON","Type":"None"}},"Language":[],"QuestionID":"QID2"}},{"SurveyID":"SV_cTNaBFgAt0SLkhf","Element":"SQ","PrimaryAttribute":"QID3","SecondaryAttribute":"Do you get headaches that are NOT caused by a head injury, hangover, or an illness such as the co...","TertiaryAttribute":null,"Payload":{"QuestionText":"Do you get headaches that are NOT caused by a head injury, hangover, or an illness such as the cold or the flu?","DataExportTag":"Q3","QuestionType":"MC","Selector":"SAVR","SubSelector":"TX","Configuration":{"QuestionDescriptionOption":"UseText"},"QuestionDescription":"Do you get headaches that are NOT caused by a head injury, hangover, or an illness such as the co...","Choices":{"1":{"Display":"Yes"},"2":{"Display":"No"}},"ChoiceOrder":[1,2],"Validation":{"Settings":{"ForceResponse":"ON","ForceResponseType":"ON","Type":"None"}},"Language":[],"QuestionID":"QID3"}},{"SurveyID":"SV_cTNaBFgAt0SLkhf","Element":"SQ","PrimaryAttribute":"QID1","SecondaryAttribute":"Do you get headaches?","TertiaryAttribute":null,"Payload":{"QuestionText":"Do you get headaches?","DataExportTag":"Q1","QuestionType":"MC","Selector":"SAVR","SubSelector":"TX","Configuration":{"QuestionDescriptionOption":"UseText"},"QuestionDescription":"Do you get headaches?","Choices":{"1":{"Display":"Yes"},"2":{"Display":"No"}},"ChoiceOrder":[1,2],"Validation":{"Settings":{"ForceResponse":"ON","ForceResponseType":"ON","Type":"None"}},"Language":[],"QuestionID":"QID1"}},{"SurveyID":"SV_cTNaBFgAt0SLkhf","Element":"SQ","PrimaryAttribute":"QID18","SecondaryAttribute":"Do you have any of the above symptoms even during your headache-free interval?","TertiaryAttribute":null,"Payload":{"QuestionText":"Do you have any of the above symptoms even during your headache-free interval?","DataExportTag":"Q18","QuestionType":"MC","Selector":"SAVR","SubSelector":"TX","Configuration":{"QuestionDescriptionOption":"UseText"},"QuestionDescription":"Do you have any of the above symptoms even during your headache-free interval?","Choices":{"1":{"Display":"Yes"},"2":{"Display":"No"}},"ChoiceOrder":[1,2],"Validation":{"Settings":{"ForceResponse":"OFF","ForceResponseType":"ON","Type":"None"}},"Language":[],"QuestionID":"QID18"}},{"SurveyID":"SV_cTNaBFgAt0SLkhf","Element":"SQ","PrimaryAttribute":"QID34","SecondaryAttribute":"Do you have any of the above symptoms even during your headache-free interval?","TertiaryAttribute":null,"Payload":{"QuestionText":"Do you have any of the above symptoms even during your headache-free interval?","DataExportTag":"Q43","QuestionType":"MC","Selector":"SAVR","SubSelector":"TX","Configuration":{"QuestionDescriptionOption":"UseText"},"QuestionDescription":"Do you have any of the above symptoms even during your headache-free interval?","Choices":{"1":{"Display":"Yes"},"2":{"Display":"No"}},"ChoiceOrder":[1,2],"Validation":{"Settings":{"ForceResponse":"ON","ForceResponseType":"ON","Type":"None"}},"Language":[],"QuestionID":"QID34"}},{"SurveyID":"SV_cTNaBFgAt0SLkhf","Element":"SQ","PrimaryAttribute":"QID66","SecondaryAttribute":"Do you usually get headaches around your menstrual periods?","TertiaryAttribute":null,"Payload":{"QuestionText":"Do you usually get headaches around your menstrual periods?","DataExportTag":"Q66","QuestionType":"MC","Selector":"SAVR","SubSelector":"TX","Configuration":{"QuestionDescriptionOption":"UseText"},"QuestionDescription":"Do you usually get headaches around your menstrual periods?","Choices":{"1":{"Display":"Yes"},"2":{"Display":"Not applicable"},"3":{"Display":"No"}},"ChoiceOrder":["1","3","2"],"Validation":{"Settings":{"ForceResponse":"OFF","ForceResponseType":"ON","Type":"None"}},"AnalyzeChoices":{"2":"No"},"Language":[],"QuestionID":"QID66"}},{"SurveyID":"SV_cTNaBFgAt0SLkhf","Element":"SQ","PrimaryAttribute":"QID67","SecondaryAttribute":"Do you usually get headaches around your menstrual periods?","TertiaryAttribute":null,"Payload":{"QuestionText":"Do you usually get headaches around your menstrual periods?","DataExportTag":"Q67","QuestionType":"MC","Selector":"SAVR","SubSelector":"TX","Configuration":{"QuestionDescriptionOption":"UseText"},"QuestionDescription":"Do you usually get headaches around your menstrual periods?","Choices":{"1":{"Display":"Yes"},"2":{"Display":"No"},"3":{"Display":"Not applicable"}},"ChoiceOrder":["1","2","3"],"Validation":{"Settings":{"ForceResponse":"ON","ForceResponseType":"ON","Type":"None"}},"AnalyzeChoices":{"3":"on"},"Language":[],"QuestionID":"QID67"}},{"SurveyID":"SV_cTNaBFgAt0SLkhf","Element":"SQ","PrimaryAttribute":"QID4","SecondaryAttribute":"Do your headaches ever last more than 4 hours? \u00a0","TertiaryAttribute":null,"Payload":{"QuestionText":"Do your headaches ever last more than 4 hours?<br><div><div>\n\n<div>&nbsp;<\/div>\n<\/div>\n<\/div>","DataExportTag":"Q4","QuestionType":"MC","Selector":"SAVR","SubSelector":"TX","Configuration":{"QuestionDescriptionOption":"UseText"},"QuestionDescription":"Do your headaches ever last more than 4 hours? \u00a0","Choices":{"1":{"Display":"Yes"},"2":{"Display":"No"}},"ChoiceOrder":[1,2],"Validation":{"Settings":{"ForceResponse":"ON","ForceResponseType":"ON","Type":"None"}},"Language":[],"QuestionID":"QID4","GradingData":[]}},{"SurveyID":"SV_cTNaBFgAt0SLkhf","Element":"SQ","PrimaryAttribute":"QID36","SecondaryAttribute":"Does anyone in your family have migraines or headaches?","TertiaryAttribute":null,"Payload":{"QuestionText":"Does anyone in your family have migraines or headaches?","DataExportTag":"Q36","QuestionType":"MC","Selector":"SAVR","SubSelector":"TX","Configuration":{"QuestionDescriptionOption":"UseText"},"QuestionDescription":"Does anyone in your family have migraines or headaches?","Choices":{"1":{"Display":"Yes"},"3":{"Display":"No"},"4":{"Display":"Unknown"}},"ChoiceOrder":["1","3","4"],"Validation":{"Settings":{"ForceResponse":"ON","ForceResponseType":"ON","Type":"None"}},"Language":[],"QuestionID":"QID36"}},{"SurveyID":"SV_cTNaBFgAt0SLkhf","Element":"SQ","PrimaryAttribute":"QID56","SecondaryAttribute":"Does anyone in your family have migraines or headaches?","TertiaryAttribute":null,"Payload":{"QuestionText":"Does anyone in your family have migraines or headaches?","QuestionType":"MC","Selector":"SAVR","SubSelector":"TX","Configuration":{"QuestionDescriptionOption":"UseText"},"QuestionDescription":"Does anyone in your family have migraines or headaches?","Choices":{"1":{"Display":"Yes"},"3":{"Display":"No"},"4":{"Display":"Unknown"}},"ChoiceOrder":["1","3","4"],"Validation":{"Settings":{"ForceResponse":"ON","ForceResponseType":"ON","Type":"None"}},"Language":[],"QuestionText_Unsafe":"Does anyone in your family have migraines or headaches?","DataExportTag":"Q56","QuestionID":"QID56"}},{"SurveyID":"SV_cTNaBFgAt0SLkhf","Element":"SQ","PrimaryAttribute":"QID65","SecondaryAttribute":"During these episodes, do you ever experience the following symptoms? Please mark all that apply.","TertiaryAttribute":null,"Payload":{"QuestionText":"During these episodes, do you ever experience the following symptoms? Please mark all that apply.","DataExportTag":"Q65","QuestionType":"MC","Selector":"MAVR","SubSelector":"TX","Configuration":{"QuestionDescriptionOption":"UseText"},"QuestionDescription":"During these episodes, do you ever experience the following symptoms? Please mark all that apply.","Choices":{"1":{"Display":"Nausea and\/or vomiting"},"2":{"Display":"Sensitivity to light"},"3":{"Display":"Sensitivity to sound"},"4":{"Display":"None of the above","ExclusiveAnswer":true}},"ChoiceOrder":["1","2","3","4"],"Validation":{"Settings":{"ForceResponse":"ON","ForceResponseType":"ON","Type":"None"}},"Language":[],"QuestionID":"QID65","AnalyzeChoices":{"4":"on"}}},{"SurveyID":"SV_cTNaBFgAt0SLkhf","Element":"SQ","PrimaryAttribute":"QID15","SecondaryAttribute":"During your headache, do bright lights hurt your eyes?","TertiaryAttribute":null,"Payload":{"QuestionText":"During your headache, do bright lights hurt your eyes?","DataExportTag":"Q15","QuestionType":"MC","Selector":"SAVR","SubSelector":"TX","Configuration":{"QuestionDescriptionOption":"UseText"},"QuestionDescription":"During your headache, do bright lights hurt your eyes?","Choices":{"1":{"Display":"Yes"},"2":{"Display":"No"}},"ChoiceOrder":[1,2],"Validation":{"Settings":{"ForceResponse":"OFF","ForceResponseType":"ON","Type":"None"}},"Language":[],"QuestionID":"QID15"}},{"SurveyID":"SV_cTNaBFgAt0SLkhf","Element":"SQ","PrimaryAttribute":"QID31","SecondaryAttribute":"During your headache, do bright lights hurt your eyes?","TertiaryAttribute":null,"Payload":{"QuestionText":"During your headache, do bright lights hurt your eyes?","DataExportTag":"Q37","QuestionType":"MC","Selector":"SAVR","SubSelector":"TX","Configuration":{"QuestionDescriptionOption":"UseText"},"QuestionDescription":"During your headache, do bright lights hurt your eyes?","Choices":{"1":{"Display":"Yes"},"2":{"Display":"No"}},"ChoiceOrder":[1,2],"Validation":{"Settings":{"ForceResponse":"ON","ForceResponseType":"ON","Type":"None"}},"Language":[],"QuestionID":"QID31"}},{"SurveyID":"SV_cTNaBFgAt0SLkhf","Element":"SQ","PrimaryAttribute":"QID12","SecondaryAttribute":"During your headache, do flickering lights, glare, specific colors or high contrast striped patte...","TertiaryAttribute":null,"Payload":{"QuestionText":"During your headache, do flickering lights, glare, specific colors or high contrast striped patterns bother you or your eyes?","DataExportTag":"Q12","QuestionType":"MC","Selector":"SAVR","SubSelector":"TX","Configuration":{"QuestionDescriptionOption":"UseText"},"QuestionDescription":"During your headache, do flickering lights, glare, specific colors or high contrast striped patte...","Choices":{"1":{"Display":"Yes"},"2":{"Display":"No"}},"ChoiceOrder":[1,2],"Validation":{"Settings":{"ForceResponse":"OFF","ForceResponseType":"ON","Type":"None"}},"Language":[],"QuestionID":"QID12"}},{"SurveyID":"SV_cTNaBFgAt0SLkhf","Element":"SQ","PrimaryAttribute":"QID28","SecondaryAttribute":"During your headache, do flickering lights, glare, specific colors or high contrast striped patte...","TertiaryAttribute":null,"Payload":{"QuestionText":"During your headache, do flickering lights, glare, specific colors or high contrast striped patterns bother you or your eyes?","DataExportTag":"Q31","QuestionType":"MC","Selector":"SAVR","SubSelector":"TX","Configuration":{"QuestionDescriptionOption":"UseText"},"QuestionDescription":"During your headache, do flickering lights, glare, specific colors or high contrast striped patte...","Choices":{"1":{"Display":"Yes"},"2":{"Display":"No"}},"ChoiceOrder":[1,2],"Validation":{"Settings":{"ForceResponse":"ON","ForceResponseType":"ON","Type":"None"}},"Language":[],"QuestionID":"QID28"}},{"SurveyID":"SV_cTNaBFgAt0SLkhf","Element":"SQ","PrimaryAttribute":"QID11","SecondaryAttribute":"During your headache, do you feel a greater sense of glare or dazzle in your eyes than usual by b...","TertiaryAttribute":null,"Payload":{"QuestionText":"During your headache, do you feel a greater sense of glare or dazzle in your eyes than usual by bright lights?","DataExportTag":"Q11","QuestionType":"MC","Selector":"SAVR","SubSelector":"TX","Configuration":{"QuestionDescriptionOption":"UseText"},"QuestionDescription":"During your headache, do you feel a greater sense of glare or dazzle in your eyes than usual by b...","Choices":{"1":{"Display":"Yes"},"2":{"Display":"No"}},"ChoiceOrder":[1,2],"Validation":{"Settings":{"ForceResponse":"OFF","ForceResponseType":"ON","Type":"None"}},"Language":[],"QuestionID":"QID11"}},{"SurveyID":"SV_cTNaBFgAt0SLkhf","Element":"SQ","PrimaryAttribute":"QID27","SecondaryAttribute":"During your headache, do you feel a greater sense of glare or dazzle in your eyes than usual by b...","TertiaryAttribute":null,"Payload":{"QuestionText":"During your headache, do you feel a greater sense of glare or dazzle in your eyes than usual by bright lights?","DataExportTag":"Q29","QuestionType":"MC","Selector":"SAVR","SubSelector":"TX","Configuration":{"QuestionDescriptionOption":"UseText"},"QuestionDescription":"During your headache, do you feel a greater sense of glare or dazzle in your eyes than usual by b...","Choices":{"1":{"Display":"Yes"},"2":{"Display":"No"}},"ChoiceOrder":[1,2],"Validation":{"Settings":{"ForceResponse":"ON","ForceResponseType":"ON","Type":"None"}},"Language":[],"QuestionID":"QID27"}},{"SurveyID":"SV_cTNaBFgAt0SLkhf","Element":"SQ","PrimaryAttribute":"QID14","SecondaryAttribute":"During your headache, do you have to wear sunglasses even in normal daylight?","TertiaryAttribute":null,"Payload":{"QuestionText":"During your headache, do you have to wear sunglasses even in normal daylight?","DataExportTag":"Q14","QuestionType":"MC","Selector":"SAVR","SubSelector":"TX","Configuration":{"QuestionDescriptionOption":"UseText"},"QuestionDescription":"During your headache, do you have to wear sunglasses even in normal daylight?","Choices":{"1":{"Display":"Yes"},"2":{"Display":"No"}},"ChoiceOrder":[1,2],"Validation":{"Settings":{"ForceResponse":"OFF","ForceResponseType":"ON","Type":"None"}},"Language":[],"QuestionID":"QID14"}},{"SurveyID":"SV_cTNaBFgAt0SLkhf","Element":"SQ","PrimaryAttribute":"QID30","SecondaryAttribute":"During your headache, do you have to wear sunglasses even in normal daylight?","TertiaryAttribute":null,"Payload":{"QuestionText":"During your headache, do you have to wear sunglasses even in normal daylight?","DataExportTag":"Q35","QuestionType":"MC","Selector":"SAVR","SubSelector":"TX","Configuration":{"QuestionDescriptionOption":"UseText"},"QuestionDescription":"During your headache, do you have to wear sunglasses even in normal daylight?","Choices":{"1":{"Display":"Yes"},"2":{"Display":"No"}},"ChoiceOrder":[1,2],"Validation":{"Settings":{"ForceResponse":"ON","ForceResponseType":"ON","Type":"None"}},"Language":[],"QuestionID":"QID30"}},{"SurveyID":"SV_cTNaBFgAt0SLkhf","Element":"SQ","PrimaryAttribute":"QID13","SecondaryAttribute":"During your headache, do you turn off the lights or draw a curtain to avoid bright conditions?","TertiaryAttribute":null,"Payload":{"QuestionText":"During your headache, do you turn off the lights or draw a curtain to avoid bright conditions?","DataExportTag":"Q13","QuestionType":"MC","Selector":"SAVR","SubSelector":"TX","Configuration":{"QuestionDescriptionOption":"UseText"},"QuestionDescription":"During your headache, do you turn off the lights or draw a curtain to avoid bright conditions?","Choices":{"1":{"Display":"Yes"},"2":{"Display":"No"}},"ChoiceOrder":[1,2],"Validation":{"Settings":{"ForceResponse":"OFF","ForceResponseType":"ON","Type":"None"}},"Language":[],"QuestionID":"QID13"}},{"SurveyID":"SV_cTNaBFgAt0SLkhf","Element":"SQ","PrimaryAttribute":"QID29","SecondaryAttribute":"During your headache, do you turn off the lights or draw a curtain to avoid bright conditions?","TertiaryAttribute":null,"Payload":{"QuestionText":"During your headache, do you turn off the lights or draw a curtain to avoid bright conditions?","DataExportTag":"Q33","QuestionType":"MC","Selector":"SAVR","SubSelector":"TX","Configuration":{"QuestionDescriptionOption":"UseText"},"QuestionDescription":"During your headache, do you turn off the lights or draw a curtain to avoid bright conditions?","Choices":{"1":{"Display":"Yes"},"2":{"Display":"No"}},"ChoiceOrder":[1,2],"Validation":{"Settings":{"ForceResponse":"ON","ForceResponseType":"ON","Type":"None"}},"Language":[],"QuestionID":"QID29"}},{"SurveyID":"SV_cTNaBFgAt0SLkhf","Element":"SQ","PrimaryAttribute":"QID6","SecondaryAttribute":"During your headaches that are longer than 4 hours, do you ever experience the following symptoms...","TertiaryAttribute":null,"Payload":{"QuestionText":"During your headaches that are longer than 4 hours, do you ever experience the following symptoms? Please mark all that apply.","DataExportTag":"Q6","QuestionType":"MC","Selector":"MAVR","SubSelector":"TX","Configuration":{"QuestionDescriptionOption":"UseText"},"QuestionDescription":"During your headaches that are longer than 4 hours, do you ever experience the following symptoms...","Choices":{"1":{"Display":"Nausea and\/or vomiting"},"2":{"Display":"Sensitivity to light"},"3":{"Display":"Sensitivity to sound"},"4":{"Display":"None of the above","ExclusiveAnswer":true}},"ChoiceOrder":["1","2","3","4"],"Validation":{"Settings":{"ForceResponse":"ON","ForceResponseType":"ON","Type":"None"}},"Language":[],"QuestionID":"QID6"}},{"SurveyID":"SV_cTNaBFgAt0SLkhf","Element":"SQ","PrimaryAttribute":"QID52","SecondaryAttribute":"During your MOST SEVERE headaches, do you ever experience the following symptoms? Please mark all...","TertiaryAttribute":null,"Payload":{"QuestionText":"During your MOST SEVERE headaches, do you ever experience the following symptoms? Please mark all that apply.&nbsp;","QuestionType":"MC","Selector":"MAVR","SubSelector":"TX","Configuration":{"QuestionDescriptionOption":"UseText"},"QuestionDescription":"During your MOST SEVERE headaches, do you ever experience the following symptoms? Please mark all...","Choices":{"1":{"Display":"Nausea and\/or vomiting"},"2":{"Display":"Sensitivity to light"},"3":{"Display":"Sensitivity to sound"},"4":{"Display":"None of the above","ExclusiveAnswer":true}},"ChoiceOrder":["1","2","3","4"],"Validation":{"Settings":{"ForceResponse":"ON","ForceResponseType":"ON","Type":"None"}},"Language":[],"QuestionText_Unsafe":"During your headaches that are longer than 4 hours, do you ever experience the following symptoms? Please mark all that apply.&nbsp;","DataExportTag":"Q52","QuestionID":"QID52","AnalyzeChoices":{"4":"on"}}},{"SurveyID":"SV_cTNaBFgAt0SLkhf","Element":"SQ","PrimaryAttribute":"QID51","SecondaryAttribute":"For your MOST SEVERE type of headache, do any of the following statements describe your pain and...","TertiaryAttribute":null,"Payload":{"QuestionText":"For your MOST SEVERE type of headache, do any of the following statements describe your pain and symptoms? Please mark all that apply.&nbsp;","DefaultChoices":false,"QuestionType":"MC","Selector":"MAVR","SubSelector":"TX","Configuration":{"QuestionDescriptionOption":"UseText"},"QuestionDescription":"For your MOST SEVERE type of headache, do any of the following statements describe your pain and...","Choices":{"1":{"Display":"The pain is worse on one side"},"2":{"Display":"The pain is pounding, pulsating, or throbbing"},"3":{"Display":"The pain is moderate or severe in intensity"},"4":{"Display":"The pain is made worse by routine activities such as walking or climbing stairs"},"5":{"Display":"None of the above","ExclusiveAnswer":true}},"ChoiceOrder":[1,2,3,4,"5"],"Validation":{"Settings":{"ForceResponse":"ON","ForceResponseType":"ON","Type":"None"}},"GradingData":[],"Language":[],"QuestionText_Unsafe":"Do any of the following statements describing your pain and symptoms apply to your headaches that are longer than 4 hours? Please mark all that apply.&nbsp;","DataExportTag":"Q51","QuestionID":"QID51","AnalyzeChoices":{"5":"on"}}},{"SurveyID":"SV_cTNaBFgAt0SLkhf","Element":"SQ","PrimaryAttribute":"QID40","SecondaryAttribute":"Have you ever had a headache that was NOT caused by a head injury, hangover, or an illness such a...","TertiaryAttribute":null,"Payload":{"QuestionText":"Have you ever had a headache that was NOT caused by a head injury, hangover, or an illness such as the cold or the flu?","DataExportTag":"Q40","QuestionType":"MC","Selector":"SAVR","SubSelector":"TX","Configuration":{"QuestionDescriptionOption":"UseText"},"QuestionDescription":"Have you ever had a headache that was NOT caused by a head injury, hangover, or an illness such a...","Choices":{"1":{"Display":"Yes"},"2":{"Display":"No"}},"ChoiceOrder":["1","2"],"Validation":{"Settings":{"ForceResponse":"ON","ForceResponseType":"ON","Type":"None"}},"Language":[],"QuestionID":"QID40"}},{"SurveyID":"SV_cTNaBFgAt0SLkhf","Element":"SQ","PrimaryAttribute":"QID39","SecondaryAttribute":"Have you ever had a headache?","TertiaryAttribute":null,"Payload":{"QuestionText":"Have you ever had a headache?","DataExportTag":"Q39","QuestionType":"MC","Selector":"SAVR","SubSelector":"TX","Configuration":{"QuestionDescriptionOption":"UseText"},"QuestionDescription":"Have you ever had a headache?","Choices":{"1":{"Display":"Yes"},"3":{"Display":"No"}},"ChoiceOrder":["1","3"],"Validation":{"Settings":{"ForceResponse":"ON","ForceResponseType":"ON","Type":"None"}},"Language":[],"QuestionID":"QID39"}},{"SurveyID":"SV_cTNaBFgAt0SLkhf","Element":"SQ","PrimaryAttribute":"QID41","SecondaryAttribute":"Have you ever had episodes of discomfort, pressure, or pain around your eyes or sinuses?","TertiaryAttribute":null,"Payload":{"QuestionText":"Have you ever had episodes of discomfort, pressure, or pain around your eyes or sinuses?","DataExportTag":"Q41","QuestionType":"MC","Selector":"SAVR","SubSelector":"TX","Configuration":{"QuestionDescriptionOption":"UseText"},"QuestionDescription":"Have you ever had episodes of discomfort, pressure, or pain around your eyes or sinuses?","Choices":{"1":{"Display":"Yes"},"3":{"Display":"No"}},"ChoiceOrder":["1","3"],"Validation":{"Settings":{"ForceResponse":"ON","ForceResponseType":"ON","Type":"None"}},"Language":[],"QuestionID":"QID41"}},{"SurveyID":"SV_cTNaBFgAt0SLkhf","Element":"SQ","PrimaryAttribute":"QID8","SecondaryAttribute":"Have you ever seen any spots, stars, lines, flashing lights, zigzag lines, or heat waves around t...","TertiaryAttribute":null,"Payload":{"QuestionText":"Have you ever seen any spots, stars, lines, flashing lights, zigzag lines, or heat waves around the time of your headaches?&nbsp;","DataExportTag":"Q8","QuestionType":"MC","Selector":"SAVR","SubSelector":"TX","Configuration":{"QuestionDescriptionOption":"UseText"},"QuestionDescription":"Have you ever seen any spots, stars, lines, flashing lights, zigzag lines, or heat waves around t...","Choices":{"1":{"Display":"Yes"},"2":{"Display":"No"}},"ChoiceOrder":[1,2],"Validation":{"Settings":{"ForceResponse":"ON","ForceResponseType":"ON","Type":"None"}},"Language":[],"QuestionID":"QID8"}},{"SurveyID":"SV_cTNaBFgAt0SLkhf","Element":"SQ","PrimaryAttribute":"QID43","SecondaryAttribute":"Have you ever taken medication to relieve this pain or discomfort?","TertiaryAttribute":null,"Payload":{"QuestionText":"Have you ever taken medication to relieve this pain or discomfort?","DataExportTag":"Q43","QuestionType":"MC","Selector":"SAVR","SubSelector":"TX","Configuration":{"QuestionDescriptionOption":"UseText"},"QuestionDescription":"Have you ever taken medication to relieve this pain or discomfort?","Choices":{"1":{"Display":"Yes"},"3":{"Display":"No"}},"ChoiceOrder":["1","3"],"Validation":{"Settings":{"ForceResponse":"ON","ForceResponseType":"ON","Type":"None"}},"Language":[],"QuestionID":"QID43"}},{"SurveyID":"SV_cTNaBFgAt0SLkhf","Element":"SQ","PrimaryAttribute":"QID57","SecondaryAttribute":"Have you ever taken medication to relieve your MOST SEVERE headaches?","TertiaryAttribute":null,"Payload":{"QuestionText":"Have you ever taken medication to relieve your MOST SEVERE headaches?","QuestionType":"MC","Selector":"SAVR","SubSelector":"TX","Configuration":{"QuestionDescriptionOption":"UseText"},"QuestionDescription":"Have you ever taken medication to relieve your MOST SEVERE headaches?","Choices":{"1":{"Display":"Yes"},"3":{"Display":"No"}},"ChoiceOrder":["1","3"],"Validation":{"Settings":{"ForceResponse":"ON","ForceResponseType":"ON","Type":"None"}},"Language":[],"QuestionText_Unsafe":"Have you ever taken medication to relieve this pain or discomfort?","DataExportTag":"Q57","QuestionID":"QID57"}},{"SurveyID":"SV_cTNaBFgAt0SLkhf","Element":"SQ","PrimaryAttribute":"QID24","SecondaryAttribute":"Have you experienced these phenomena with your headaches two or more times in your life?","TertiaryAttribute":null,"Payload":{"QuestionText":"Have you experienced these phenomena with your headaches two or more times in your life?","QuestionType":"MC","Selector":"SAVR","SubSelector":"TX","Configuration":{"QuestionDescriptionOption":"UseText"},"QuestionDescription":"Have you experienced these phenomena with your headaches two or more times in your life?","Choices":{"1":{"Display":"Yes"},"2":{"Display":"No"}},"ChoiceOrder":["1","2"],"Validation":{"Settings":{"ForceResponse":"ON","ForceResponseType":"ON","Type":"None"}},"Language":[],"QuestionText_Unsafe":"Have you experienced these visual phenomena with your headaches two or more times in your life?","DataExportTag":"Q24","QuestionID":"QID24"}},{"SurveyID":"SV_cTNaBFgAt0SLkhf","Element":"SQ","PrimaryAttribute":"QID21","SecondaryAttribute":"Have you experienced these visual phenomena with your headaches two or more times in your life?","TertiaryAttribute":null,"Payload":{"QuestionText":"Have you experienced these visual phenomena with your headaches two or more times in your life?","DataExportTag":"Q21","QuestionType":"MC","Selector":"SAVR","SubSelector":"TX","Configuration":{"QuestionDescriptionOption":"UseText"},"QuestionDescription":"Have you experienced these visual phenomena with your headaches two or more times in your life?","Choices":{"1":{"Display":"Yes"},"3":{"Display":"No"}},"ChoiceOrder":["1","3"],"Validation":{"Settings":{"ForceResponse":"OFF","ForceResponseType":"ON","Type":"None"}},"Language":[],"QuestionID":"QID21"}},{"SurveyID":"SV_cTNaBFgAt0SLkhf","Element":"SQ","PrimaryAttribute":"QID22","SecondaryAttribute":"Have you experienced these visual phenomena with your headaches two or more times in your life?","TertiaryAttribute":null,"Payload":{"QuestionText":"Have you experienced these visual phenomena with your headaches two or more times in your life?","DataExportTag":"Q22","QuestionType":"MC","Selector":"SAVR","SubSelector":"TX","Configuration":{"QuestionDescriptionOption":"UseText"},"QuestionDescription":"Have you experienced these visual phenomena with your headaches two or more times in your life?","Choices":{"1":{"Display":"Yes"},"2":{"Display":"No"}},"ChoiceOrder":["1","2"],"Validation":{"Settings":{"ForceResponse":"ON","ForceResponseType":"ON","Type":"None"}},"Language":[],"QuestionID":"QID22"}},{"SurveyID":"SV_cTNaBFgAt0SLkhf","Element":"SQ","PrimaryAttribute":"QID7","SecondaryAttribute":"Have you had this headache 5 or more times in your life?","TertiaryAttribute":null,"Payload":{"QuestionText":"Have you had this headache 5 or more times in your life?","DataExportTag":"Q7","QuestionType":"MC","Selector":"SAVR","SubSelector":"TX","Configuration":{"QuestionDescriptionOption":"UseText"},"QuestionDescription":"Have you had this headache 5 or more times in your life?","Choices":{"1":{"Display":"Yes"},"2":{"Display":"No"}},"ChoiceOrder":["1","2"],"Validation":{"Settings":{"ForceResponse":"ON","ForceResponseType":"ON","Type":"None"}},"Language":[],"QuestionID":"QID7"}},{"SurveyID":"SV_cTNaBFgAt0SLkhf","Element":"SQ","PrimaryAttribute":"QID53","SecondaryAttribute":"Have you had this headache 5 or more times in your life?","TertiaryAttribute":null,"Payload":{"QuestionText":"Have you had this headache 5 or more times in your life?","QuestionType":"MC","Selector":"SAVR","SubSelector":"TX","Configuration":{"QuestionDescriptionOption":"UseText"},"QuestionDescription":"Have you had this headache 5 or more times in your life?","Choices":{"1":{"Display":"Yes"},"2":{"Display":"No"}},"ChoiceOrder":["1","2"],"Validation":{"Settings":{"ForceResponse":"OFF","ForceResponseType":"ON","Type":"None"}},"Language":[],"QuestionText_Unsafe":"Have you had this headache 5 or more times in your life?","DataExportTag":"Q53","QuestionID":"QID53"}},{"SurveyID":"SV_cTNaBFgAt0SLkhf","Element":"SQ","PrimaryAttribute":"QID50","SecondaryAttribute":"How intense would you rate this pain or discomfort?","TertiaryAttribute":null,"Payload":{"QuestionText":"How intense would you rate this pain or discomfort?","DataExportTag":"Q50","QuestionType":"MC","Selector":"SAVR","SubSelector":"TX","Configuration":{"QuestionDescriptionOption":"UseText"},"QuestionDescription":"How intense would you rate this pain or discomfort?","Choices":{"1":{"Display":"Mild"},"2":{"Display":"Moderate"},"3":{"Display":"Severe"}},"ChoiceOrder":["1","2","3"],"Validation":{"Settings":{"ForceResponse":"ON","ForceResponseType":"ON","Type":"None"}},"Language":[],"QuestionID":"QID50"}},{"SurveyID":"SV_cTNaBFgAt0SLkhf","Element":"SQ","PrimaryAttribute":"QID61","SecondaryAttribute":"How intense would you rate your MOST SEVERE headaches?","TertiaryAttribute":null,"Payload":{"QuestionText":"How intense would you rate your MOST SEVERE headaches?","QuestionType":"MC","Selector":"SAVR","SubSelector":"TX","Configuration":{"QuestionDescriptionOption":"UseText"},"QuestionDescription":"How intense would you rate your MOST SEVERE headaches?","Choices":{"1":{"Display":"Mild"},"2":{"Display":"Moderate"},"3":{"Display":"Severe"}},"ChoiceOrder":["1","2","3"],"Validation":{"Settings":{"ForceResponse":"ON","ForceResponseType":"ON","Type":"None"}},"Language":[],"QuestionText_Unsafe":"How severe would you rate this pain or discomfort?","DataExportTag":"Q61","QuestionID":"QID61"}},{"SurveyID":"SV_cTNaBFgAt0SLkhf","Element":"SQ","PrimaryAttribute":"QID26","SecondaryAttribute":"How long do these phenomena typically last?","TertiaryAttribute":null,"Payload":{"QuestionText":"How long do these phenomena typically last?","QuestionType":"MC","Selector":"SAVR","SubSelector":"TX","Configuration":{"QuestionDescriptionOption":"UseText"},"QuestionDescription":"How long do these phenomena typically last?","Choices":{"1":{"Display":"Less than 5 min"},"2":{"Display":"5 min to 1 hour"},"3":{"Display":"More than 1 hour"}},"ChoiceOrder":["1","2","3"],"Validation":{"Settings":{"ForceResponse":"ON","ForceResponseType":"ON","Type":"None"}},"Language":[],"QuestionText_Unsafe":"How long do these visual phenomena typically last?","DataExportTag":"Q26","QuestionID":"QID26"}},{"SurveyID":"SV_cTNaBFgAt0SLkhf","Element":"SQ","PrimaryAttribute":"QID10","SecondaryAttribute":"How long do these visual phenomena typically last?","TertiaryAttribute":null,"Payload":{"QuestionText":"How long do these visual phenomena typically last?","DataExportTag":"Q10","QuestionType":"MC","Selector":"SAVR","SubSelector":"TX","Configuration":{"QuestionDescriptionOption":"UseText"},"QuestionDescription":"How long do these visual phenomena typically last?","Choices":{"1":{"Display":"Less than 5 min"},"2":{"Display":"5 min to 1 hour"},"3":{"Display":"More than 1 hour"}},"ChoiceOrder":["1","2","3"],"Validation":{"Settings":{"ForceResponse":"OFF","ForceResponseType":"ON","Type":"None"}},"Language":[],"QuestionID":"QID10"}},{"SurveyID":"SV_cTNaBFgAt0SLkhf","Element":"SQ","PrimaryAttribute":"QID19","SecondaryAttribute":"How long do these visual phenomena typically last?","TertiaryAttribute":null,"Payload":{"QuestionText":"How long do these visual phenomena typically last?","DataExportTag":"Q19","QuestionType":"MC","Selector":"SAVR","SubSelector":"TX","Configuration":{"QuestionDescriptionOption":"UseText"},"QuestionDescription":"How long do these visual phenomena typically last?","Choices":{"1":{"Display":"Less than 5 min"},"2":{"Display":"5 min to 1 hour"},"3":{"Display":"More than 1 hour"}},"ChoiceOrder":["1","2","3"],"Validation":{"Settings":{"ForceResponse":"ON","ForceResponseType":"ON","Type":"None"}},"Language":[],"QuestionID":"QID19"}},{"SurveyID":"SV_cTNaBFgAt0SLkhf","Element":"SQ","PrimaryAttribute":"QID58","SecondaryAttribute":"How many times in your life has this pain or discomfort happened?","TertiaryAttribute":null,"Payload":{"QuestionText":"How many times in your life has this pain or discomfort happened?","QuestionType":"MC","Selector":"SAVR","SubSelector":"TX","Configuration":{"QuestionDescriptionOption":"UseText"},"QuestionDescription":"How many times in your life has this pain or discomfort happened?","Choices":{"1":{"Display":"1 time"},"2":{"Display":"2 to 4 times"},"3":{"Display":"More than 5 times"}},"ChoiceOrder":["1","2","3"],"Validation":{"Settings":{"ForceResponse":"OFF","ForceResponseType":"ON","Type":"None"}},"Language":[],"QuestionText_Unsafe":"How many times in your life has this pain or discomfort happened?","DataExportTag":"Q58","QuestionID":"QID58"}},{"SurveyID":"SV_cTNaBFgAt0SLkhf","Element":"SQ","PrimaryAttribute":"QID44","SecondaryAttribute":"How many times in your life has this pain or discomfort occurred?","TertiaryAttribute":null,"Payload":{"QuestionText":"How many times in your life has this pain or discomfort occurred?","DataExportTag":"Q44","QuestionType":"MC","Selector":"SAVR","SubSelector":"TX","Configuration":{"QuestionDescriptionOption":"UseText"},"QuestionDescription":"How many times in your life has this pain or discomfort occurred?","Choices":{"1":{"Display":"1 time"},"2":{"Display":"2 to 4 times"},"3":{"Display":"5 or more times"}},"ChoiceOrder":["1","2","3"],"Validation":{"Settings":{"ForceResponse":"ON","ForceResponseType":"ON","Type":"None"}},"Language":[],"QuestionID":"QID44"}},{"SurveyID":"SV_cTNaBFgAt0SLkhf","Element":"SQ","PrimaryAttribute":"QID49","SecondaryAttribute":"How would you describe this pain or discomfort?","TertiaryAttribute":null,"Payload":{"QuestionText":"How would you describe this pain or discomfort?","DataExportTag":"Q49","QuestionType":"MC","Selector":"MAVR","SubSelector":"TX","Configuration":{"QuestionDescriptionOption":"UseText"},"QuestionDescription":"How would you describe this pain or discomfort?","Choices":{"1":{"Display":"Pressure or tightness"},"2":{"Display":"Dull pain"},"3":{"Display":"Throbbing pain"},"4":{"Display":"Stabbing pain"}},"ChoiceOrder":["1","2","3","4"],"Validation":{"Settings":{"ForceResponse":"ON","ForceResponseType":"ON","Type":"None"}},"Language":[],"QuestionID":"QID49"}},{"SurveyID":"SV_cTNaBFgAt0SLkhf","Element":"SQ","PrimaryAttribute":"QID60","SecondaryAttribute":"How would you describe your MOST SEVERE headaches?","TertiaryAttribute":null,"Payload":{"QuestionText":"How would you describe your MOST SEVERE headaches?","QuestionType":"MC","Selector":"MAVR","SubSelector":"TX","Configuration":{"QuestionDescriptionOption":"UseText"},"QuestionDescription":"How would you describe your MOST SEVERE headaches?","Choices":{"1":{"Display":"Pressure or tightness"},"2":{"Display":"Dull pain"},"3":{"Display":"Throbbing pain"},"4":{"Display":"Stabbing pain"}},"ChoiceOrder":["1","2","3","4"],"Validation":{"Settings":{"ForceResponse":"ON","ForceResponseType":"ON","Type":"None"}},"Language":[],"QuestionText_Unsafe":"How would you describe this pain or discomfort?","DataExportTag":"Q60","QuestionID":"QID60"}},{"SurveyID":"SV_cTNaBFgAt0SLkhf","Element":"SQ","PrimaryAttribute":"QID17","SecondaryAttribute":"Is your headache triggered by bright lights?","TertiaryAttribute":null,"Payload":{"QuestionText":"Is your headache triggered by bright lights?","DataExportTag":"Q17","QuestionType":"MC","Selector":"SAVR","SubSelector":"TX","Configuration":{"QuestionDescriptionOption":"UseText"},"QuestionDescription":"Is your headache triggered by bright lights?","Choices":{"1":{"Display":"Yes"},"2":{"Display":"No"}},"ChoiceOrder":[1,2],"Validation":{"Settings":{"ForceResponse":"OFF","ForceResponseType":"ON","Type":"None"}},"Language":[],"QuestionID":"QID17"}},{"SurveyID":"SV_cTNaBFgAt0SLkhf","Element":"SQ","PrimaryAttribute":"QID33","SecondaryAttribute":"Is your headache triggered by bright lights?","TertiaryAttribute":null,"Payload":{"QuestionText":"Is your headache triggered by bright lights?","DataExportTag":"Q41","QuestionType":"MC","Selector":"SAVR","SubSelector":"TX","Configuration":{"QuestionDescriptionOption":"UseText"},"QuestionDescription":"Is your headache triggered by bright lights?","Choices":{"1":{"Display":"Yes"},"2":{"Display":"No"}},"ChoiceOrder":[1,2],"Validation":{"Settings":{"ForceResponse":"ON","ForceResponseType":"ON","Type":"None"}},"Language":[],"QuestionID":"QID33"}},{"SurveyID":"SV_cTNaBFgAt0SLkhf","Element":"SQ","PrimaryAttribute":"QID16","SecondaryAttribute":"Is your headache worsened by bright lights?","TertiaryAttribute":null,"Payload":{"QuestionText":"Is your headache worsened by bright lights?","DataExportTag":"Q16","QuestionType":"MC","Selector":"SAVR","SubSelector":"TX","Configuration":{"QuestionDescriptionOption":"UseText"},"QuestionDescription":"Is your headache worsened by bright lights?","Choices":{"1":{"Display":"Yes"},"2":{"Display":"No"}},"ChoiceOrder":[1,2],"Validation":{"Settings":{"ForceResponse":"OFF","ForceResponseType":"ON","Type":"None"}},"Language":[],"QuestionID":"QID16"}},{"SurveyID":"SV_cTNaBFgAt0SLkhf","Element":"SQ","PrimaryAttribute":"QID32","SecondaryAttribute":"Is your headache worsened by bright lights?","TertiaryAttribute":null,"Payload":{"QuestionText":"Is your headache worsened by bright lights?","DataExportTag":"Q39","QuestionType":"MC","Selector":"SAVR","SubSelector":"TX","Configuration":{"QuestionDescriptionOption":"UseText"},"QuestionDescription":"Is your headache worsened by bright lights?","Choices":{"1":{"Display":"Yes"},"2":{"Display":"No"}},"ChoiceOrder":[1,2],"Validation":{"Settings":{"ForceResponse":"ON","ForceResponseType":"ON","Type":"None"}},"Language":[],"QuestionID":"QID32"}},{"SurveyID":"SV_cTNaBFgAt0SLkhf","Element":"SQ","PrimaryAttribute":"QID69","SecondaryAttribute":"May we contact you regarding future research projects related to headache?","TertiaryAttribute":null,"Payload":{"QuestionText":"May we contact you regarding future research projects related to headache?","DataExportTag":"Q69","QuestionType":"MC","Selector":"SAVR","SubSelector":"TX","Configuration":{"QuestionDescriptionOption":"UseText"},"QuestionDescription":"May we contact you regarding future research projects related to headache?","Choices":{"1":{"Display":"Yes"},"2":{"Display":"No"}},"ChoiceOrder":["1","2"],"Validation":{"Settings":{"ForceResponse":"OFF","ForceResponseType":"ON","Type":"None"}},"Language":[],"QuestionID":"QID69"}},{"SurveyID":"SV_cTNaBFgAt0SLkhf","Element":"SQ","PrimaryAttribute":"QID62","SecondaryAttribute":"Please give any feedback or comments you may have about the survey. Thank you!","TertiaryAttribute":null,"Payload":{"QuestionText":"Please give any feedback or comments you may have about the survey. Thank you!","DefaultChoices":false,"DataExportTag":"Q62","QuestionType":"TE","Selector":"ESTB","Configuration":{"QuestionDescriptionOption":"UseText","InputWidth":621,"InputHeight":349},"QuestionDescription":"Please give any feedback or comments you may have about the survey. Thank you!","Validation":{"Settings":{"ForceResponse":"OFF","ForceResponseType":"ON","Type":"None"}},"GradingData":[],"Language":[],"QuestionID":"QID62"}},{"SurveyID":"SV_cTNaBFgAt0SLkhf","Element":"SQ","PrimaryAttribute":"QID73","SecondaryAttribute":"Please provide an email address at which we can contact you.","TertiaryAttribute":null,"Payload":{"QuestionText":"Please provide an email address at which we can contact you.","DefaultChoices":false,"QuestionType":"TE","Selector":"SL","Configuration":{"QuestionDescriptionOption":"UseText"},"QuestionDescription":"Please provide an email address at which we can contact you.","Validation":{"Settings":{"ForceResponse":"ON","ForceResponseType":"ON","Type":"ContentType","ContentType":"ValidEmail","ValidDateType":"DateWithFormat","ValidPhoneType":"ValidUSPhone","ValidZipType":"ValidUSZip"}},"GradingData":[],"Language":[],"DataVisibility":{"Private":false},"QuestionText_Unsafe":"Please provide an email address at which we can contact you.","DataExportTag":"Q73","QuestionID":"QID73"}},{"SurveyID":"SV_cTNaBFgAt0SLkhf","Element":"SQ","PrimaryAttribute":"QID20","SecondaryAttribute":"Subject ID","TertiaryAttribute":null,"Payload":{"QuestionText":"Subject ID","DefaultChoices":false,"DataExportTag":"Q20","QuestionType":"TE","Selector":"SL","Configuration":{"QuestionDescriptionOption":"UseText"},"QuestionDescription":"Subject ID","Validation":{"Settings":{"ForceResponse":"ON","ForceResponseType":"ON","Type":"None"}},"GradingData":[],"Language":[],"QuestionID":"QID20"}},{"SurveyID":"SV_cTNaBFgAt0SLkhf","Element":"SQ","PrimaryAttribute":"QID35","SecondaryAttribute":"The previous set of questions had to do with your headaches that last longer than 4 hours. Do you...","TertiaryAttribute":null,"Payload":{"QuestionText":"The previous set of questions had to do with your headaches that last longer than 4 hours. Do you have other types of headaches in addition to these?","DataExportTag":"Q35","QuestionType":"MC","Selector":"SAVR","SubSelector":"TX","Configuration":{"QuestionDescriptionOption":"UseText"},"QuestionDescription":"The previous set of questions had to do with your headaches that last longer than 4 hours. Do you...","Choices":{"1":{"Display":"Yes"},"3":{"Display":"No"}},"ChoiceOrder":["1","3"],"Validation":{"Settings":{"ForceResponse":"ON","ForceResponseType":"ON","Type":"None"}},"Language":[],"QuestionID":"QID35"}},{"SurveyID":"SV_cTNaBFgAt0SLkhf","Element":"SQ","PrimaryAttribute":"QID55","SecondaryAttribute":"The previous set of questions had to do with your MOST SEVERE headaches. Do you have other types...","TertiaryAttribute":null,"Payload":{"QuestionText":"The previous set of questions had to do with your MOST SEVERE headaches. Do you have other types of headaches in addition to these?","QuestionType":"MC","Selector":"SAVR","SubSelector":"TX","Configuration":{"QuestionDescriptionOption":"UseText"},"QuestionDescription":"The previous set of questions had to do with your MOST SEVERE headaches. Do you have other types...","Choices":{"1":{"Display":"Yes"},"3":{"Display":"No"}},"ChoiceOrder":["1","3"],"Validation":{"Settings":{"ForceResponse":"ON","ForceResponseType":"ON","Type":"None"}},"Language":[],"QuestionText_Unsafe":"The previous set of questions had to do with your headaches that last longer than 4 hours. Do you have other types of headaches in addition to these?","DataExportTag":"Q55","QuestionID":"QID55"}},{"SurveyID":"SV_cTNaBFgAt0SLkhf","Element":"SQ","PrimaryAttribute":"QID72","SecondaryAttribute":"What is your age (in years)?","TertiaryAttribute":null,"Payload":{"QuestionText":"What is your age (in years)?","DefaultChoices":false,"QuestionType":"TE","Selector":"SL","Configuration":{"QuestionDescriptionOption":"UseText"},"QuestionDescription":"What is your age (in years)?","Validation":{"Settings":{"ForceResponse":"ON","ForceResponseType":"ON","Type":"ContentType","ContentType":"ValidNumber","ValidDateType":"DateWithFormat","ValidPhoneType":"ValidUSPhone","ValidZipType":"ValidUSZip"}},"GradingData":[],"Language":[],"DataVisibility":{"Private":false},"QuestionText_Unsafe":"What is your age (in years)?","DataExportTag":"Q72","QuestionID":"QID72"}},{"SurveyID":"SV_cTNaBFgAt0SLkhf","Element":"SQ","PrimaryAttribute":"QID25","SecondaryAttribute":"When do you experience these phenomena in relation to your headache? Please mark all that apply.","TertiaryAttribute":null,"Payload":{"QuestionText":"When do you experience these phenomena in relation to your headache? Please mark all that apply.","QuestionType":"MC","Selector":"MAVR","SubSelector":"TX","Configuration":{"QuestionDescriptionOption":"UseText"},"QuestionDescription":"When do you experience these phenomena in relation to your headache? Please mark all that apply.","Choices":{"1":{"Display":"Before the headache"},"2":{"Display":"During the headache"},"3":{"Display":"After the headache"}},"ChoiceOrder":["1","2","3"],"Validation":{"Settings":{"ForceResponse":"ON","ForceResponseType":"ON","Type":"None"}},"Language":[],"QuestionText_Unsafe":"When do you see these visual phenomena in relation to your headache? Please mark all that apply.","DataExportTag":"Q25","QuestionID":"QID25"}},{"SurveyID":"SV_cTNaBFgAt0SLkhf","Element":"SQ","PrimaryAttribute":"QID9","SecondaryAttribute":"When do you see these visual phenomena in relation to your headache? Please mark all that apply.","TertiaryAttribute":null,"Payload":{"QuestionText":"When do you see these visual phenomena in relation to your headache? Please mark all that apply.","DataExportTag":"Q9","QuestionType":"MC","Selector":"MAVR","SubSelector":"TX","Configuration":{"QuestionDescriptionOption":"UseText"},"QuestionDescription":"When do you see these visual phenomena in relation to your headache? Please mark all that apply.","Choices":{"1":{"Display":"Before the headache"},"2":{"Display":"During the headache"},"3":{"Display":"After the headache"}},"ChoiceOrder":["1","2","3"],"Validation":{"Settings":{"ForceResponse":"ON","ForceResponseType":"ON","Type":"None"}},"Language":[],"QuestionID":"QID9"}},{"SurveyID":"SV_cTNaBFgAt0SLkhf","Element":"SQ","PrimaryAttribute":"QID48","SecondaryAttribute":"When is the last time you experienced these phenomena?","TertiaryAttribute":null,"Payload":{"QuestionText":"When is the last time you experienced these phenomena?","DataExportTag":"Q48","QuestionType":"MC","Selector":"SAVR","SubSelector":"TX","Configuration":{"QuestionDescriptionOption":"UseText"},"QuestionDescription":"When is the last time you experienced these phenomena?","Choices":{"1":{"Display":"Within the past week"},"2":{"Display":"Within the past month"},"3":{"Display":"Within the past year"},"4":{"Display":"Within the past 5 years"},"5":{"Display":"More than 5 years ago"},"6":{"Display":"Childhood"}},"ChoiceOrder":["1","2","3","4","5","6"],"Validation":{"Settings":{"ForceResponse":"ON","ForceResponseType":"ON","Type":"None"}},"Language":[],"QuestionID":"QID48"}},{"SurveyID":"SV_cTNaBFgAt0SLkhf","Element":"SQ","PrimaryAttribute":"QID47","SecondaryAttribute":"When is the last time you experienced these visual phenomena?","TertiaryAttribute":null,"Payload":{"QuestionText":"When is the last time you experienced these visual phenomena?","DataExportTag":"Q47","QuestionType":"MC","Selector":"SAVR","SubSelector":"TX","Configuration":{"QuestionDescriptionOption":"UseText"},"QuestionDescription":"When is the last time you experienced these visual phenomena?","Choices":{"1":{"Display":"Within the past week"},"2":{"Display":"Within the past month"},"3":{"Display":"Within the past year"},"4":{"Display":"Within the past 5 years"},"5":{"Display":"More than 5 years ago"},"6":{"Display":"Childhood"}},"ChoiceOrder":["1","2","3","4","5","6"],"Validation":{"Settings":{"ForceResponse":"ON","ForceResponseType":"ON","Type":"None"}},"Language":[],"QuestionID":"QID47","DataVisibility":{"Private":false}}},{"SurveyID":"SV_cTNaBFgAt0SLkhf","Element":"SQ","PrimaryAttribute":"QID46","SecondaryAttribute":"When is the last time you felt this pain or discomfort?","TertiaryAttribute":null,"Payload":{"QuestionText":"When is the last time you felt this pain or discomfort?","DataExportTag":"Q46","QuestionType":"MC","Selector":"SAVR","SubSelector":"TX","Configuration":{"QuestionDescriptionOption":"UseText"},"QuestionDescription":"When is the last time you felt this pain or discomfort?","Choices":{"1":{"Display":"Within the past week"},"2":{"Display":"Within the past month"},"3":{"Display":"Within the past year"},"4":{"Display":"Within the past 5 years"},"5":{"Display":"More than 5 years ago"},"6":{"Display":"Childhood"}},"ChoiceOrder":["1","2","3","4","5","6"],"Validation":{"Settings":{"ForceResponse":"ON","ForceResponseType":"ON","Type":"None"}},"Language":[],"QuestionID":"QID46"}},{"SurveyID":"SV_cTNaBFgAt0SLkhf","Element":"SQ","PrimaryAttribute":"QID59","SecondaryAttribute":"When is the last time you felt this pain or discomfort?","TertiaryAttribute":null,"Payload":{"QuestionText":"When is the last time you felt this pain or discomfort?","QuestionType":"MC","Selector":"SAVR","SubSelector":"TX","Configuration":{"QuestionDescriptionOption":"UseText"},"QuestionDescription":"When is the last time you felt this pain or discomfort?","Choices":{"1":{"Display":"Within the past week"},"2":{"Display":"Within the past month"},"3":{"Display":"Within the past year"},"4":{"Display":"Within the past 5 years"},"5":{"Display":"More than 5 years ago"},"6":{"Display":"Childhood"}},"ChoiceOrder":["1","2","3","4","5","6"],"Validation":{"Settings":{"ForceResponse":"OFF","ForceResponseType":"ON","Type":"None"}},"Language":[],"QuestionText_Unsafe":"When is the last time you felt this pain or discomfort?","DataExportTag":"Q59","QuestionID":"QID59"}},{"SurveyID":"SV_cTNaBFgAt0SLkhf","Element":"SQ","PrimaryAttribute":"QID37","SecondaryAttribute":"When is the last time you had one of these headaches?","TertiaryAttribute":null,"Payload":{"QuestionText":"When is the last time you had one of these headaches?","DataExportTag":"Q37","QuestionType":"MC","Selector":"SAVR","SubSelector":"TX","Configuration":{"QuestionDescriptionOption":"UseText"},"QuestionDescription":"When is the last time you had one of these headaches?","Choices":{"1":{"Display":"Click to write Choice 1"},"2":{"Display":"Click to write Choice 2"},"3":{"Display":"Click to write Choice 3"}},"ChoiceOrder":["1","2","3"],"Validation":{"Settings":{"ForceResponse":"OFF","ForceResponseType":"ON","Type":"None"}},"Language":[],"QuestionID":"QID37"}},{"SurveyID":"SV_cTNaBFgAt0SLkhf","Element":"SQ","PrimaryAttribute":"QID38","SecondaryAttribute":"When is the last time you had one of these headaches?","TertiaryAttribute":null,"Payload":{"QuestionText":"When is the last time you had one of these headaches?","DataExportTag":"Q38","QuestionType":"MC","Selector":"SAVR","SubSelector":"TX","Configuration":{"QuestionDescriptionOption":"UseText"},"QuestionDescription":"When is the last time you had one of these headaches?","Choices":{"1":{"Display":"Within the past week"},"2":{"Display":"Within the past year"},"3":{"Display":"Within the past 5 years"},"4":{"Display":"More than 5 years ago"},"5":{"Display":"Within the past month"},"6":{"Display":"Childhood"}},"ChoiceOrder":["1","5","2","3","4","6"],"Validation":{"Settings":{"ForceResponse":"ON","ForceResponseType":"ON","Type":"None"}},"Language":[],"QuestionID":"QID38"}},{"SurveyID":"SV_cTNaBFgAt0SLkhf","Element":"SQ","PrimaryAttribute":"QID54","SecondaryAttribute":"When is the last time you had one of these headaches?","TertiaryAttribute":null,"Payload":{"QuestionText":"When is the last time you had one of these headaches?","QuestionType":"MC","Selector":"SAVR","SubSelector":"TX","Configuration":{"QuestionDescriptionOption":"UseText"},"QuestionDescription":"When is the last time you had one of these headaches?","Choices":{"1":{"Display":"Within the past week"},"2":{"Display":"Within the past year"},"3":{"Display":"Within the past 5 years"},"4":{"Display":"More than 5 years ago"},"5":{"Display":"Within the past month"},"6":{"Display":"Childhood"}},"ChoiceOrder":["1","5","2","3","4","6"],"Validation":{"Settings":{"ForceResponse":"OFF","ForceResponseType":"ON","Type":"None"}},"Language":[],"QuestionText_Unsafe":"When is the last time you had one of these headaches?","DataExportTag":"Q54","QuestionID":"QID54"}}]}